// !$*UTF8*$!
{
	archiveVersion = 1;
	classes = {
	};
	objectVersion = 46;
	objects = {

/* Begin PBXAggregateTarget section */
		"CCurl::CCurl::ProductTarget" /* CCurl */ = {
			isa = PBXAggregateTarget;
			buildConfigurationList = OBJ_329 /* Build configuration list for PBXAggregateTarget "CCurl" */;
			buildPhases = (
			);
			dependencies = (
			);
			name = CCurl;
			productName = CCurl;
		};
		"SwiftyCouchDB::SwiftyCouchDBPackageTests::ProductTarget" /* SwiftyCouchDBPackageTests */ = {
			isa = PBXAggregateTarget;
			buildConfigurationList = OBJ_324 /* Build configuration list for PBXAggregateTarget "SwiftyCouchDBPackageTests" */;
			buildPhases = (
			);
			dependencies = (
				OBJ_327 /* PBXTargetDependency */,
			);
			name = SwiftyCouchDBPackageTests;
			productName = SwiftyCouchDBPackageTests;
		};
/* End PBXAggregateTarget section */

/* Begin PBXBuildFile section */
		OBJ_123 /* Package.swift in Sources */ = {isa = PBXBuildFile; fileRef = OBJ_6 /* Package.swift */; };
		OBJ_129 /* Package.swift in Sources */ = {isa = PBXBuildFile; fileRef = OBJ_37 /* Package.swift */; };
		OBJ_135 /* Package.swift in Sources */ = {isa = PBXBuildFile; fileRef = OBJ_88 /* Package.swift */; };
		OBJ_141 /* Package.swift in Sources */ = {isa = PBXBuildFile; fileRef = OBJ_92 /* Package.swift */; };
		OBJ_147 /* Package.swift in Sources */ = {isa = PBXBuildFile; fileRef = OBJ_98 /* Package.swift */; };
		OBJ_153 /* Package.swift in Sources */ = {isa = PBXBuildFile; fileRef = OBJ_103 /* Package.swift */; };
		OBJ_159 /* Package.swift in Sources */ = {isa = PBXBuildFile; fileRef = OBJ_107 /* Package.swift */; };
		OBJ_165 /* ConnectionProperties.swift in Sources */ = {isa = PBXBuildFile; fileRef = OBJ_26 /* ConnectionProperties.swift */; };
		OBJ_166 /* Database.swift in Sources */ = {isa = PBXBuildFile; fileRef = OBJ_27 /* Database.swift */; };
		OBJ_167 /* DatabaseObjectScheme.swift in Sources */ = {isa = PBXBuildFile; fileRef = OBJ_28 /* DatabaseObjectScheme.swift */; };
		OBJ_168 /* DatabaseReference.swift in Sources */ = {isa = PBXBuildFile; fileRef = OBJ_29 /* DatabaseReference.swift */; };
		OBJ_169 /* XCTTests+DB.swift in Sources */ = {isa = PBXBuildFile; fileRef = OBJ_30 /* XCTTests+DB.swift */; };
		OBJ_171 /* SwiftyCouchDB.framework in Frameworks */ = {isa = PBXBuildFile; fileRef = "SwiftyCouchDB::SwiftyCouchDB::Product" /* SwiftyCouchDB.framework */; };
		OBJ_172 /* SwiftyJSON.framework in Frameworks */ = {isa = PBXBuildFile; fileRef = "SwiftyJSON::SwiftyJSON::Product" /* SwiftyJSON.framework */; };
		OBJ_173 /* KituraNet.framework in Frameworks */ = {isa = PBXBuildFile; fileRef = "Kitura-net::KituraNet::Product" /* KituraNet.framework */; };
		OBJ_174 /* SSLService.framework in Frameworks */ = {isa = PBXBuildFile; fileRef = "SSLService::SSLService::Product" /* SSLService.framework */; };
		OBJ_175 /* Socket.framework in Frameworks */ = {isa = PBXBuildFile; fileRef = "Socket::Socket::Product" /* Socket.framework */; };
		OBJ_176 /* CHTTPParser.framework in Frameworks */ = {isa = PBXBuildFile; fileRef = "Kitura-net::CHTTPParser::Product" /* CHTTPParser.framework */; };
		OBJ_177 /* HeliumLogger.framework in Frameworks */ = {isa = PBXBuildFile; fileRef = "HeliumLogger::HeliumLogger::Product" /* HeliumLogger.framework */; };
		OBJ_178 /* LoggerAPI.framework in Frameworks */ = {isa = PBXBuildFile; fileRef = "LoggerAPI::LoggerAPI::Product" /* LoggerAPI.framework */; };
		OBJ_199 /* ConnectionProperties.swift in Sources */ = {isa = PBXBuildFile; fileRef = OBJ_8 /* ConnectionProperties.swift */; };
		OBJ_200 /* CouchDBCore.swift in Sources */ = {isa = PBXBuildFile; fileRef = OBJ_9 /* CouchDBCore.swift */; };
		OBJ_201 /* Database.swift in Sources */ = {isa = PBXBuildFile; fileRef = OBJ_10 /* Database.swift */; };
		OBJ_202 /* DatabaseObject.swift in Sources */ = {isa = PBXBuildFile; fileRef = OBJ_11 /* DatabaseObject.swift */; };
		OBJ_203 /* DatabaseObjectBase.swift in Sources */ = {isa = PBXBuildFile; fileRef = OBJ_12 /* DatabaseObjectBase.swift */; };
		OBJ_204 /* DatabaseObjectProperty.swift in Sources */ = {isa = PBXBuildFile; fileRef = OBJ_13 /* DatabaseObjectProperty.swift */; };
		OBJ_205 /* DatabaseObjectScheme.swift in Sources */ = {isa = PBXBuildFile; fileRef = OBJ_14 /* DatabaseObjectScheme.swift */; };
		OBJ_206 /* DatabaseReference.swift in Sources */ = {isa = PBXBuildFile; fileRef = OBJ_15 /* DatabaseReference.swift */; };
		OBJ_207 /* EquatableExts.swift in Sources */ = {isa = PBXBuildFile; fileRef = OBJ_16 /* EquatableExts.swift */; };
		OBJ_208 /* Error.swift in Sources */ = {isa = PBXBuildFile; fileRef = OBJ_17 /* Error.swift */; };
		OBJ_209 /* Apply.swift in Sources */ = {isa = PBXBuildFile; fileRef = OBJ_19 /* Apply.swift */; };
		OBJ_210 /* BasicPromise.swift in Sources */ = {isa = PBXBuildFile; fileRef = OBJ_20 /* BasicPromise.swift */; };
		OBJ_211 /* Promise.swift in Sources */ = {isa = PBXBuildFile; fileRef = OBJ_21 /* Promise.swift */; };
		OBJ_212 /* Result.swift in Sources */ = {isa = PBXBuildFile; fileRef = OBJ_22 /* Result.swift */; };
		OBJ_213 /* RequestManager.swift in Sources */ = {isa = PBXBuildFile; fileRef = OBJ_23 /* RequestManager.swift */; };
		OBJ_215 /* SwiftyJSON.framework in Frameworks */ = {isa = PBXBuildFile; fileRef = "SwiftyJSON::SwiftyJSON::Product" /* SwiftyJSON.framework */; };
		OBJ_216 /* KituraNet.framework in Frameworks */ = {isa = PBXBuildFile; fileRef = "Kitura-net::KituraNet::Product" /* KituraNet.framework */; };
		OBJ_217 /* SSLService.framework in Frameworks */ = {isa = PBXBuildFile; fileRef = "SSLService::SSLService::Product" /* SSLService.framework */; };
		OBJ_218 /* Socket.framework in Frameworks */ = {isa = PBXBuildFile; fileRef = "Socket::Socket::Product" /* Socket.framework */; };
		OBJ_219 /* CHTTPParser.framework in Frameworks */ = {isa = PBXBuildFile; fileRef = "Kitura-net::CHTTPParser::Product" /* CHTTPParser.framework */; };
		OBJ_220 /* HeliumLogger.framework in Frameworks */ = {isa = PBXBuildFile; fileRef = "HeliumLogger::HeliumLogger::Product" /* HeliumLogger.framework */; };
		OBJ_221 /* LoggerAPI.framework in Frameworks */ = {isa = PBXBuildFile; fileRef = "LoggerAPI::LoggerAPI::Product" /* LoggerAPI.framework */; };
		OBJ_233 /* LclJSONSerialization.swift in Sources */ = {isa = PBXBuildFile; fileRef = OBJ_35 /* LclJSONSerialization.swift */; };
		OBJ_234 /* SwiftyJSON.swift in Sources */ = {isa = PBXBuildFile; fileRef = OBJ_36 /* SwiftyJSON.swift */; };
		OBJ_240 /* BufferList.swift in Sources */ = {isa = PBXBuildFile; fileRef = OBJ_48 /* BufferList.swift */; };
		OBJ_241 /* ClientRequest.swift in Sources */ = {isa = PBXBuildFile; fileRef = OBJ_49 /* ClientRequest.swift */; };
		OBJ_242 /* ClientResponse.swift in Sources */ = {isa = PBXBuildFile; fileRef = OBJ_50 /* ClientResponse.swift */; };
		OBJ_243 /* ConnectionUpgradeFactory.swift in Sources */ = {isa = PBXBuildFile; fileRef = OBJ_51 /* ConnectionUpgradeFactory.swift */; };
		OBJ_244 /* ConnectionUpgrader.swift in Sources */ = {isa = PBXBuildFile; fileRef = OBJ_52 /* ConnectionUpgrader.swift */; };
		OBJ_245 /* Error.swift in Sources */ = {isa = PBXBuildFile; fileRef = OBJ_53 /* Error.swift */; };
		OBJ_246 /* FastCGI.swift in Sources */ = {isa = PBXBuildFile; fileRef = OBJ_55 /* FastCGI.swift */; };
		OBJ_247 /* FastCGIRecordCreate.swift in Sources */ = {isa = PBXBuildFile; fileRef = OBJ_56 /* FastCGIRecordCreate.swift */; };
		OBJ_248 /* FastCGIRecordParser.swift in Sources */ = {isa = PBXBuildFile; fileRef = OBJ_57 /* FastCGIRecordParser.swift */; };
		OBJ_249 /* FastCGIServer.swift in Sources */ = {isa = PBXBuildFile; fileRef = OBJ_58 /* FastCGIServer.swift */; };
		OBJ_250 /* FastCGIServerRequest.swift in Sources */ = {isa = PBXBuildFile; fileRef = OBJ_59 /* FastCGIServerRequest.swift */; };
		OBJ_251 /* FastCGIServerResponse.swift in Sources */ = {isa = PBXBuildFile; fileRef = OBJ_60 /* FastCGIServerResponse.swift */; };
		OBJ_252 /* HTTP.swift in Sources */ = {isa = PBXBuildFile; fileRef = OBJ_62 /* HTTP.swift */; };
		OBJ_253 /* HTTPServer.swift in Sources */ = {isa = PBXBuildFile; fileRef = OBJ_63 /* HTTPServer.swift */; };
		OBJ_254 /* HTTPServerRequest.swift in Sources */ = {isa = PBXBuildFile; fileRef = OBJ_64 /* HTTPServerRequest.swift */; };
		OBJ_255 /* HTTPServerResponse.swift in Sources */ = {isa = PBXBuildFile; fileRef = OBJ_65 /* HTTPServerResponse.swift */; };
		OBJ_256 /* IncomingHTTPSocketProcessor.swift in Sources */ = {isa = PBXBuildFile; fileRef = OBJ_66 /* IncomingHTTPSocketProcessor.swift */; };
		OBJ_257 /* KeepAliveState.swift in Sources */ = {isa = PBXBuildFile; fileRef = OBJ_67 /* KeepAliveState.swift */; };
		OBJ_258 /* HTTPParser.swift in Sources */ = {isa = PBXBuildFile; fileRef = OBJ_69 /* HTTPParser.swift */; };
		OBJ_259 /* HTTPParserStatus.swift in Sources */ = {isa = PBXBuildFile; fileRef = OBJ_70 /* HTTPParserStatus.swift */; };
		OBJ_260 /* ParseResults.swift in Sources */ = {isa = PBXBuildFile; fileRef = OBJ_71 /* ParseResults.swift */; };
		OBJ_261 /* URLParser.swift in Sources */ = {isa = PBXBuildFile; fileRef = OBJ_72 /* URLParser.swift */; };
		OBJ_262 /* HeadersContainer.swift in Sources */ = {isa = PBXBuildFile; fileRef = OBJ_73 /* HeadersContainer.swift */; };
		OBJ_263 /* IncomingSocketHandler.swift in Sources */ = {isa = PBXBuildFile; fileRef = OBJ_74 /* IncomingSocketHandler.swift */; };
		OBJ_264 /* IncomingSocketManager.swift in Sources */ = {isa = PBXBuildFile; fileRef = OBJ_75 /* IncomingSocketManager.swift */; };
		OBJ_265 /* IncomingSocketProcessor.swift in Sources */ = {isa = PBXBuildFile; fileRef = OBJ_76 /* IncomingSocketProcessor.swift */; };
		OBJ_266 /* IncomingSocketProcessorCreator.swift in Sources */ = {isa = PBXBuildFile; fileRef = OBJ_77 /* IncomingSocketProcessorCreator.swift */; };
		OBJ_267 /* ListenerGroup.swift in Sources */ = {isa = PBXBuildFile; fileRef = OBJ_78 /* ListenerGroup.swift */; };
		OBJ_268 /* SPIUtils.swift in Sources */ = {isa = PBXBuildFile; fileRef = OBJ_79 /* SPIUtils.swift */; };
		OBJ_269 /* Server.swift in Sources */ = {isa = PBXBuildFile; fileRef = OBJ_81 /* Server.swift */; };
		OBJ_270 /* ServerDelegate.swift in Sources */ = {isa = PBXBuildFile; fileRef = OBJ_82 /* ServerDelegate.swift */; };
		OBJ_271 /* ServerLifecycleListener.swift in Sources */ = {isa = PBXBuildFile; fileRef = OBJ_83 /* ServerLifecycleListener.swift */; };
		OBJ_272 /* ServerMonitor.swift in Sources */ = {isa = PBXBuildFile; fileRef = OBJ_84 /* ServerMonitor.swift */; };
		OBJ_273 /* ServerState.swift in Sources */ = {isa = PBXBuildFile; fileRef = OBJ_85 /* ServerState.swift */; };
		OBJ_274 /* ServerRequest.swift in Sources */ = {isa = PBXBuildFile; fileRef = OBJ_86 /* ServerRequest.swift */; };
		OBJ_275 /* ServerResponse.swift in Sources */ = {isa = PBXBuildFile; fileRef = OBJ_87 /* ServerResponse.swift */; };
		OBJ_277 /* SSLService.framework in Frameworks */ = {isa = PBXBuildFile; fileRef = "SSLService::SSLService::Product" /* SSLService.framework */; };
		OBJ_278 /* Socket.framework in Frameworks */ = {isa = PBXBuildFile; fileRef = "Socket::Socket::Product" /* Socket.framework */; };
		OBJ_279 /* LoggerAPI.framework in Frameworks */ = {isa = PBXBuildFile; fileRef = "LoggerAPI::LoggerAPI::Product" /* LoggerAPI.framework */; };
		OBJ_280 /* CHTTPParser.framework in Frameworks */ = {isa = PBXBuildFile; fileRef = "Kitura-net::CHTTPParser::Product" /* CHTTPParser.framework */; };
		OBJ_289 /* SSLService.swift in Sources */ = {isa = PBXBuildFile; fileRef = OBJ_91 /* SSLService.swift */; };
		OBJ_291 /* Socket.framework in Frameworks */ = {isa = PBXBuildFile; fileRef = "Socket::Socket::Product" /* Socket.framework */; };
		OBJ_297 /* Socket.swift in Sources */ = {isa = PBXBuildFile; fileRef = OBJ_95 /* Socket.swift */; };
		OBJ_298 /* SocketProtocols.swift in Sources */ = {isa = PBXBuildFile; fileRef = OBJ_96 /* SocketProtocols.swift */; };
		OBJ_299 /* SocketUtils.swift in Sources */ = {isa = PBXBuildFile; fileRef = OBJ_97 /* SocketUtils.swift */; };
		OBJ_305 /* http_parser.c in Sources */ = {isa = PBXBuildFile; fileRef = OBJ_40 /* http_parser.c */; };
		OBJ_306 /* utils.c in Sources */ = {isa = PBXBuildFile; fileRef = OBJ_41 /* utils.c */; };
		OBJ_312 /* HeliumLogger.swift in Sources */ = {isa = PBXBuildFile; fileRef = OBJ_101 /* HeliumLogger.swift */; };
		OBJ_313 /* HeliumStreamLogger.swift in Sources */ = {isa = PBXBuildFile; fileRef = OBJ_102 /* HeliumStreamLogger.swift */; };
		OBJ_315 /* LoggerAPI.framework in Frameworks */ = {isa = PBXBuildFile; fileRef = "LoggerAPI::LoggerAPI::Product" /* LoggerAPI.framework */; };
		OBJ_321 /* Logger.swift in Sources */ = {isa = PBXBuildFile; fileRef = OBJ_106 /* Logger.swift */; };
/* End PBXBuildFile section */

/* Begin PBXContainerItemProxy section */
		C8C3883C1F98FC8300274FC0 /* PBXContainerItemProxy */ = {
			isa = PBXContainerItemProxy;
			containerPortal = OBJ_1 /* Project object */;
			proxyType = 1;
			remoteGlobalIDString = "LoggerAPI::LoggerAPI";
			remoteInfo = LoggerAPI;
		};
		C8C3883D1F98FC8300274FC0 /* PBXContainerItemProxy */ = {
			isa = PBXContainerItemProxy;
			containerPortal = OBJ_1 /* Project object */;
			proxyType = 1;
			remoteGlobalIDString = "Socket::Socket";
			remoteInfo = Socket;
		};
		C8C3883E1F98FC8300274FC0 /* PBXContainerItemProxy */ = {
			isa = PBXContainerItemProxy;
			containerPortal = OBJ_1 /* Project object */;
			proxyType = 1;
			remoteGlobalIDString = "SSLService::SSLService";
			remoteInfo = SSLService;
		};
		C8C3883F1F98FC8300274FC0 /* PBXContainerItemProxy */ = {
			isa = PBXContainerItemProxy;
			containerPortal = OBJ_1 /* Project object */;
			proxyType = 1;
			remoteGlobalIDString = "Socket::Socket";
			remoteInfo = Socket;
		};
		C8C388401F98FC8300274FC0 /* PBXContainerItemProxy */ = {
			isa = PBXContainerItemProxy;
			containerPortal = OBJ_1 /* Project object */;
			proxyType = 1;
			remoteGlobalIDString = "LoggerAPI::LoggerAPI";
			remoteInfo = LoggerAPI;
		};
		C8C388411F98FC8300274FC0 /* PBXContainerItemProxy */ = {
			isa = PBXContainerItemProxy;
			containerPortal = OBJ_1 /* Project object */;
			proxyType = 1;
			remoteGlobalIDString = "Kitura-net::CHTTPParser";
			remoteInfo = CHTTPParser;
		};
		C8C388421F98FC8300274FC0 /* PBXContainerItemProxy */ = {
			isa = PBXContainerItemProxy;
			containerPortal = OBJ_1 /* Project object */;
			proxyType = 1;
			remoteGlobalIDString = "SwiftyJSON::SwiftyJSON";
			remoteInfo = SwiftyJSON;
		};
		C8C388431F98FC8300274FC0 /* PBXContainerItemProxy */ = {
			isa = PBXContainerItemProxy;
			containerPortal = OBJ_1 /* Project object */;
			proxyType = 1;
			remoteGlobalIDString = "Kitura-net::KituraNet";
			remoteInfo = KituraNet;
		};
		C8C388441F98FC8300274FC0 /* PBXContainerItemProxy */ = {
			isa = PBXContainerItemProxy;
			containerPortal = OBJ_1 /* Project object */;
			proxyType = 1;
			remoteGlobalIDString = "SSLService::SSLService";
			remoteInfo = SSLService;
		};
		C8C388451F98FC8300274FC0 /* PBXContainerItemProxy */ = {
			isa = PBXContainerItemProxy;
			containerPortal = OBJ_1 /* Project object */;
			proxyType = 1;
			remoteGlobalIDString = "Socket::Socket";
			remoteInfo = Socket;
		};
		C8C388461F98FC8300274FC0 /* PBXContainerItemProxy */ = {
			isa = PBXContainerItemProxy;
			containerPortal = OBJ_1 /* Project object */;
			proxyType = 1;
			remoteGlobalIDString = "Kitura-net::CHTTPParser";
			remoteInfo = CHTTPParser;
		};
		C8C388471F98FC8300274FC0 /* PBXContainerItemProxy */ = {
			isa = PBXContainerItemProxy;
			containerPortal = OBJ_1 /* Project object */;
			proxyType = 1;
			remoteGlobalIDString = "HeliumLogger::HeliumLogger";
			remoteInfo = HeliumLogger;
		};
		C8C388481F98FC8300274FC0 /* PBXContainerItemProxy */ = {
			isa = PBXContainerItemProxy;
			containerPortal = OBJ_1 /* Project object */;
			proxyType = 1;
			remoteGlobalIDString = "LoggerAPI::LoggerAPI";
			remoteInfo = LoggerAPI;
		};
		C8C388491F98FC8300274FC0 /* PBXContainerItemProxy */ = {
			isa = PBXContainerItemProxy;
			containerPortal = OBJ_1 /* Project object */;
			proxyType = 1;
			remoteGlobalIDString = "SwiftyCouchDB::SwiftyCouchDB";
			remoteInfo = SwiftyCouchDB;
		};
		C8C3884A1F98FC8300274FC0 /* PBXContainerItemProxy */ = {
			isa = PBXContainerItemProxy;
			containerPortal = OBJ_1 /* Project object */;
			proxyType = 1;
			remoteGlobalIDString = "SwiftyJSON::SwiftyJSON";
			remoteInfo = SwiftyJSON;
		};
		C8C3884B1F98FC8300274FC0 /* PBXContainerItemProxy */ = {
			isa = PBXContainerItemProxy;
			containerPortal = OBJ_1 /* Project object */;
			proxyType = 1;
			remoteGlobalIDString = "Kitura-net::KituraNet";
			remoteInfo = KituraNet;
		};
		C8C3884C1F98FC8300274FC0 /* PBXContainerItemProxy */ = {
			isa = PBXContainerItemProxy;
			containerPortal = OBJ_1 /* Project object */;
			proxyType = 1;
			remoteGlobalIDString = "SSLService::SSLService";
			remoteInfo = SSLService;
		};
		C8C3884D1F98FC8300274FC0 /* PBXContainerItemProxy */ = {
			isa = PBXContainerItemProxy;
			containerPortal = OBJ_1 /* Project object */;
			proxyType = 1;
			remoteGlobalIDString = "Socket::Socket";
			remoteInfo = Socket;
		};
		C8C3884E1F98FC8300274FC0 /* PBXContainerItemProxy */ = {
			isa = PBXContainerItemProxy;
			containerPortal = OBJ_1 /* Project object */;
			proxyType = 1;
			remoteGlobalIDString = "Kitura-net::CHTTPParser";
			remoteInfo = CHTTPParser;
		};
		C8C3884F1F98FC8300274FC0 /* PBXContainerItemProxy */ = {
			isa = PBXContainerItemProxy;
			containerPortal = OBJ_1 /* Project object */;
			proxyType = 1;
			remoteGlobalIDString = "HeliumLogger::HeliumLogger";
			remoteInfo = HeliumLogger;
		};
		C8C388501F98FC8300274FC0 /* PBXContainerItemProxy */ = {
			isa = PBXContainerItemProxy;
			containerPortal = OBJ_1 /* Project object */;
			proxyType = 1;
			remoteGlobalIDString = "LoggerAPI::LoggerAPI";
			remoteInfo = LoggerAPI;
		};
		C8C388511F98FC8500274FC0 /* PBXContainerItemProxy */ = {
			isa = PBXContainerItemProxy;
			containerPortal = OBJ_1 /* Project object */;
			proxyType = 1;
			remoteGlobalIDString = "SwiftyCouchDB::SwiftyCouchDBTests";
			remoteInfo = SwiftyCouchDBTests;
		};
/* End PBXContainerItemProxy section */

/* Begin PBXFileReference section */
		"HeliumLogger::HeliumLogger::Product" /* HeliumLogger.framework */ = {isa = PBXFileReference; explicitFileType = wrapper.framework; path = HeliumLogger.framework; sourceTree = BUILT_PRODUCTS_DIR; };
		"Kitura-net::CHTTPParser::Product" /* CHTTPParser.framework */ = {isa = PBXFileReference; explicitFileType = wrapper.framework; path = CHTTPParser.framework; sourceTree = BUILT_PRODUCTS_DIR; };
		"Kitura-net::KituraNet::Product" /* KituraNet.framework */ = {isa = PBXFileReference; explicitFileType = wrapper.framework; path = KituraNet.framework; sourceTree = BUILT_PRODUCTS_DIR; };
		"LoggerAPI::LoggerAPI::Product" /* LoggerAPI.framework */ = {isa = PBXFileReference; explicitFileType = wrapper.framework; path = LoggerAPI.framework; sourceTree = BUILT_PRODUCTS_DIR; };
		OBJ_10 /* Database.swift */ = {isa = PBXFileReference; lastKnownFileType = sourcecode.swift; path = Database.swift; sourceTree = "<group>"; };
		OBJ_101 /* HeliumLogger.swift */ = {isa = PBXFileReference; lastKnownFileType = sourcecode.swift; path = HeliumLogger.swift; sourceTree = "<group>"; };
		OBJ_102 /* HeliumStreamLogger.swift */ = {isa = PBXFileReference; lastKnownFileType = sourcecode.swift; path = HeliumStreamLogger.swift; sourceTree = "<group>"; };
		OBJ_103 /* Package.swift */ = {isa = PBXFileReference; explicitFileType = sourcecode.swift; name = Package.swift; path = "/Users/harrywright/Frameworks/Off Piste/Cocoapod/SwiftyCouchCB/.build/checkouts/HeliumLogger.git-2106793442615829935/Package.swift"; sourceTree = "<group>"; };
		OBJ_106 /* Logger.swift */ = {isa = PBXFileReference; lastKnownFileType = sourcecode.swift; path = Logger.swift; sourceTree = "<group>"; };
		OBJ_107 /* Package.swift */ = {isa = PBXFileReference; explicitFileType = sourcecode.swift; name = Package.swift; path = "/Users/harrywright/Frameworks/Off Piste/Cocoapod/SwiftyCouchCB/.build/checkouts/LoggerAPI.git--6449715459278086880/Package.swift"; sourceTree = "<group>"; };
		OBJ_11 /* DatabaseObject.swift */ = {isa = PBXFileReference; lastKnownFileType = sourcecode.swift; path = DatabaseObject.swift; sourceTree = "<group>"; };
		OBJ_12 /* DatabaseObjectBase.swift */ = {isa = PBXFileReference; lastKnownFileType = sourcecode.swift; path = DatabaseObjectBase.swift; sourceTree = "<group>"; };
		OBJ_13 /* DatabaseObjectProperty.swift */ = {isa = PBXFileReference; lastKnownFileType = sourcecode.swift; path = DatabaseObjectProperty.swift; sourceTree = "<group>"; };
		OBJ_14 /* DatabaseObjectScheme.swift */ = {isa = PBXFileReference; lastKnownFileType = sourcecode.swift; path = DatabaseObjectScheme.swift; sourceTree = "<group>"; };
		OBJ_15 /* DatabaseReference.swift */ = {isa = PBXFileReference; lastKnownFileType = sourcecode.swift; path = DatabaseReference.swift; sourceTree = "<group>"; };
		OBJ_16 /* EquatableExts.swift */ = {isa = PBXFileReference; lastKnownFileType = sourcecode.swift; path = EquatableExts.swift; sourceTree = "<group>"; };
		OBJ_17 /* Error.swift */ = {isa = PBXFileReference; lastKnownFileType = sourcecode.swift; path = Error.swift; sourceTree = "<group>"; };
		OBJ_19 /* Apply.swift */ = {isa = PBXFileReference; lastKnownFileType = sourcecode.swift; path = Apply.swift; sourceTree = "<group>"; };
		OBJ_20 /* BasicPromise.swift */ = {isa = PBXFileReference; lastKnownFileType = sourcecode.swift; path = BasicPromise.swift; sourceTree = "<group>"; };
		OBJ_21 /* Promise.swift */ = {isa = PBXFileReference; lastKnownFileType = sourcecode.swift; path = Promise.swift; sourceTree = "<group>"; };
		OBJ_22 /* Result.swift */ = {isa = PBXFileReference; lastKnownFileType = sourcecode.swift; path = Result.swift; sourceTree = "<group>"; };
		OBJ_23 /* RequestManager.swift */ = {isa = PBXFileReference; lastKnownFileType = sourcecode.swift; path = RequestManager.swift; sourceTree = "<group>"; };
		OBJ_26 /* ConnectionProperties.swift */ = {isa = PBXFileReference; lastKnownFileType = sourcecode.swift; path = ConnectionProperties.swift; sourceTree = "<group>"; };
		OBJ_27 /* Database.swift */ = {isa = PBXFileReference; lastKnownFileType = sourcecode.swift; path = Database.swift; sourceTree = "<group>"; };
		OBJ_28 /* DatabaseObjectScheme.swift */ = {isa = PBXFileReference; lastKnownFileType = sourcecode.swift; path = DatabaseObjectScheme.swift; sourceTree = "<group>"; };
		OBJ_29 /* DatabaseReference.swift */ = {isa = PBXFileReference; lastKnownFileType = sourcecode.swift; path = DatabaseReference.swift; sourceTree = "<group>"; };
		OBJ_30 /* XCTTests+DB.swift */ = {isa = PBXFileReference; lastKnownFileType = sourcecode.swift; path = "XCTTests+DB.swift"; sourceTree = "<group>"; };
		OBJ_31 /* docs */ = {isa = PBXFileReference; lastKnownFileType = folder; path = docs; sourceTree = SOURCE_ROOT; };
		OBJ_35 /* LclJSONSerialization.swift */ = {isa = PBXFileReference; lastKnownFileType = sourcecode.swift; path = LclJSONSerialization.swift; sourceTree = "<group>"; };
		OBJ_36 /* SwiftyJSON.swift */ = {isa = PBXFileReference; lastKnownFileType = sourcecode.swift; path = SwiftyJSON.swift; sourceTree = "<group>"; };
		OBJ_37 /* Package.swift */ = {isa = PBXFileReference; explicitFileType = sourcecode.swift; name = Package.swift; path = "/Users/harrywright/Frameworks/Off Piste/Cocoapod/SwiftyCouchCB/.build/checkouts/SwiftyJSON.git--6955445084174387031/Package.swift"; sourceTree = "<group>"; };
		OBJ_40 /* http_parser.c */ = {isa = PBXFileReference; lastKnownFileType = sourcecode.c.c; path = http_parser.c; sourceTree = "<group>"; };
		OBJ_41 /* utils.c */ = {isa = PBXFileReference; lastKnownFileType = sourcecode.c.c; path = utils.c; sourceTree = "<group>"; };
		OBJ_43 /* CHTTPParser.h */ = {isa = PBXFileReference; lastKnownFileType = sourcecode.c.h; path = CHTTPParser.h; sourceTree = "<group>"; };
		OBJ_44 /* http_parser.h */ = {isa = PBXFileReference; lastKnownFileType = sourcecode.c.h; path = http_parser.h; sourceTree = "<group>"; };
		OBJ_45 /* utils.h */ = {isa = PBXFileReference; lastKnownFileType = sourcecode.c.h; path = utils.h; sourceTree = "<group>"; };
		OBJ_46 /* module.modulemap */ = {isa = PBXFileReference; lastKnownFileType = "sourcecode.module-map"; name = module.modulemap; path = "/Users/harrywright/Frameworks/Off Piste/Cocoapod/SwiftyCouchCB/SwiftyCouchDB.xcodeproj/GeneratedModuleMap/CHTTPParser/module.modulemap"; sourceTree = "<group>"; };
		OBJ_48 /* BufferList.swift */ = {isa = PBXFileReference; lastKnownFileType = sourcecode.swift; path = BufferList.swift; sourceTree = "<group>"; };
		OBJ_49 /* ClientRequest.swift */ = {isa = PBXFileReference; lastKnownFileType = sourcecode.swift; path = ClientRequest.swift; sourceTree = "<group>"; };
		OBJ_50 /* ClientResponse.swift */ = {isa = PBXFileReference; lastKnownFileType = sourcecode.swift; path = ClientResponse.swift; sourceTree = "<group>"; };
		OBJ_51 /* ConnectionUpgradeFactory.swift */ = {isa = PBXFileReference; lastKnownFileType = sourcecode.swift; path = ConnectionUpgradeFactory.swift; sourceTree = "<group>"; };
		OBJ_52 /* ConnectionUpgrader.swift */ = {isa = PBXFileReference; lastKnownFileType = sourcecode.swift; path = ConnectionUpgrader.swift; sourceTree = "<group>"; };
		OBJ_53 /* Error.swift */ = {isa = PBXFileReference; lastKnownFileType = sourcecode.swift; path = Error.swift; sourceTree = "<group>"; };
		OBJ_55 /* FastCGI.swift */ = {isa = PBXFileReference; lastKnownFileType = sourcecode.swift; path = FastCGI.swift; sourceTree = "<group>"; };
		OBJ_56 /* FastCGIRecordCreate.swift */ = {isa = PBXFileReference; lastKnownFileType = sourcecode.swift; path = FastCGIRecordCreate.swift; sourceTree = "<group>"; };
		OBJ_57 /* FastCGIRecordParser.swift */ = {isa = PBXFileReference; lastKnownFileType = sourcecode.swift; path = FastCGIRecordParser.swift; sourceTree = "<group>"; };
		OBJ_58 /* FastCGIServer.swift */ = {isa = PBXFileReference; lastKnownFileType = sourcecode.swift; path = FastCGIServer.swift; sourceTree = "<group>"; };
		OBJ_59 /* FastCGIServerRequest.swift */ = {isa = PBXFileReference; lastKnownFileType = sourcecode.swift; path = FastCGIServerRequest.swift; sourceTree = "<group>"; };
		OBJ_6 /* Package.swift */ = {isa = PBXFileReference; explicitFileType = sourcecode.swift; path = Package.swift; sourceTree = "<group>"; };
		OBJ_60 /* FastCGIServerResponse.swift */ = {isa = PBXFileReference; lastKnownFileType = sourcecode.swift; path = FastCGIServerResponse.swift; sourceTree = "<group>"; };
		OBJ_62 /* HTTP.swift */ = {isa = PBXFileReference; lastKnownFileType = sourcecode.swift; path = HTTP.swift; sourceTree = "<group>"; };
		OBJ_63 /* HTTPServer.swift */ = {isa = PBXFileReference; lastKnownFileType = sourcecode.swift; path = HTTPServer.swift; sourceTree = "<group>"; };
		OBJ_64 /* HTTPServerRequest.swift */ = {isa = PBXFileReference; lastKnownFileType = sourcecode.swift; path = HTTPServerRequest.swift; sourceTree = "<group>"; };
		OBJ_65 /* HTTPServerResponse.swift */ = {isa = PBXFileReference; lastKnownFileType = sourcecode.swift; path = HTTPServerResponse.swift; sourceTree = "<group>"; };
		OBJ_66 /* IncomingHTTPSocketProcessor.swift */ = {isa = PBXFileReference; lastKnownFileType = sourcecode.swift; path = IncomingHTTPSocketProcessor.swift; sourceTree = "<group>"; };
		OBJ_67 /* KeepAliveState.swift */ = {isa = PBXFileReference; lastKnownFileType = sourcecode.swift; path = KeepAliveState.swift; sourceTree = "<group>"; };
		OBJ_69 /* HTTPParser.swift */ = {isa = PBXFileReference; lastKnownFileType = sourcecode.swift; path = HTTPParser.swift; sourceTree = "<group>"; };
		OBJ_70 /* HTTPParserStatus.swift */ = {isa = PBXFileReference; lastKnownFileType = sourcecode.swift; path = HTTPParserStatus.swift; sourceTree = "<group>"; };
		OBJ_71 /* ParseResults.swift */ = {isa = PBXFileReference; lastKnownFileType = sourcecode.swift; path = ParseResults.swift; sourceTree = "<group>"; };
		OBJ_72 /* URLParser.swift */ = {isa = PBXFileReference; lastKnownFileType = sourcecode.swift; path = URLParser.swift; sourceTree = "<group>"; };
		OBJ_73 /* HeadersContainer.swift */ = {isa = PBXFileReference; lastKnownFileType = sourcecode.swift; path = HeadersContainer.swift; sourceTree = "<group>"; };
		OBJ_74 /* IncomingSocketHandler.swift */ = {isa = PBXFileReference; lastKnownFileType = sourcecode.swift; path = IncomingSocketHandler.swift; sourceTree = "<group>"; };
		OBJ_75 /* IncomingSocketManager.swift */ = {isa = PBXFileReference; lastKnownFileType = sourcecode.swift; path = IncomingSocketManager.swift; sourceTree = "<group>"; };
		OBJ_76 /* IncomingSocketProcessor.swift */ = {isa = PBXFileReference; lastKnownFileType = sourcecode.swift; path = IncomingSocketProcessor.swift; sourceTree = "<group>"; };
		OBJ_77 /* IncomingSocketProcessorCreator.swift */ = {isa = PBXFileReference; lastKnownFileType = sourcecode.swift; path = IncomingSocketProcessorCreator.swift; sourceTree = "<group>"; };
		OBJ_78 /* ListenerGroup.swift */ = {isa = PBXFileReference; lastKnownFileType = sourcecode.swift; path = ListenerGroup.swift; sourceTree = "<group>"; };
		OBJ_79 /* SPIUtils.swift */ = {isa = PBXFileReference; lastKnownFileType = sourcecode.swift; path = SPIUtils.swift; sourceTree = "<group>"; };
		OBJ_8 /* ConnectionProperties.swift */ = {isa = PBXFileReference; lastKnownFileType = sourcecode.swift; path = ConnectionProperties.swift; sourceTree = "<group>"; };
		OBJ_81 /* Server.swift */ = {isa = PBXFileReference; lastKnownFileType = sourcecode.swift; path = Server.swift; sourceTree = "<group>"; };
		OBJ_82 /* ServerDelegate.swift */ = {isa = PBXFileReference; lastKnownFileType = sourcecode.swift; path = ServerDelegate.swift; sourceTree = "<group>"; };
		OBJ_83 /* ServerLifecycleListener.swift */ = {isa = PBXFileReference; lastKnownFileType = sourcecode.swift; path = ServerLifecycleListener.swift; sourceTree = "<group>"; };
		OBJ_84 /* ServerMonitor.swift */ = {isa = PBXFileReference; lastKnownFileType = sourcecode.swift; path = ServerMonitor.swift; sourceTree = "<group>"; };
		OBJ_85 /* ServerState.swift */ = {isa = PBXFileReference; lastKnownFileType = sourcecode.swift; path = ServerState.swift; sourceTree = "<group>"; };
		OBJ_86 /* ServerRequest.swift */ = {isa = PBXFileReference; lastKnownFileType = sourcecode.swift; path = ServerRequest.swift; sourceTree = "<group>"; };
		OBJ_87 /* ServerResponse.swift */ = {isa = PBXFileReference; lastKnownFileType = sourcecode.swift; path = ServerResponse.swift; sourceTree = "<group>"; };
		OBJ_88 /* Package.swift */ = {isa = PBXFileReference; explicitFileType = sourcecode.swift; name = Package.swift; path = "/Users/harrywright/Frameworks/Off Piste/Cocoapod/SwiftyCouchCB/.build/checkouts/Kitura-net.git--7410958935072501107/Package.swift"; sourceTree = "<group>"; };
		OBJ_9 /* CouchDBCore.swift */ = {isa = PBXFileReference; lastKnownFileType = sourcecode.swift; path = CouchDBCore.swift; sourceTree = "<group>"; };
		OBJ_91 /* SSLService.swift */ = {isa = PBXFileReference; lastKnownFileType = sourcecode.swift; path = SSLService.swift; sourceTree = "<group>"; };
		OBJ_92 /* Package.swift */ = {isa = PBXFileReference; explicitFileType = sourcecode.swift; name = Package.swift; path = "/Users/harrywright/Frameworks/Off Piste/Cocoapod/SwiftyCouchCB/.build/checkouts/BlueSSLService.git--6577639804771281610/Package.swift"; sourceTree = "<group>"; };
		OBJ_95 /* Socket.swift */ = {isa = PBXFileReference; lastKnownFileType = sourcecode.swift; path = Socket.swift; sourceTree = "<group>"; };
		OBJ_96 /* SocketProtocols.swift */ = {isa = PBXFileReference; lastKnownFileType = sourcecode.swift; path = SocketProtocols.swift; sourceTree = "<group>"; };
		OBJ_97 /* SocketUtils.swift */ = {isa = PBXFileReference; lastKnownFileType = sourcecode.swift; path = SocketUtils.swift; sourceTree = "<group>"; };
		OBJ_98 /* Package.swift */ = {isa = PBXFileReference; explicitFileType = sourcecode.swift; name = Package.swift; path = "/Users/harrywright/Frameworks/Off Piste/Cocoapod/SwiftyCouchCB/.build/checkouts/BlueSocket.git-3162807777605905816/Package.swift"; sourceTree = "<group>"; };
		"SSLService::SSLService::Product" /* SSLService.framework */ = {isa = PBXFileReference; explicitFileType = wrapper.framework; path = SSLService.framework; sourceTree = BUILT_PRODUCTS_DIR; };
		"Socket::Socket::Product" /* Socket.framework */ = {isa = PBXFileReference; explicitFileType = wrapper.framework; path = Socket.framework; sourceTree = BUILT_PRODUCTS_DIR; };
		"SwiftyCouchDB::SwiftyCouchDB::Product" /* SwiftyCouchDB.framework */ = {isa = PBXFileReference; explicitFileType = wrapper.framework; path = SwiftyCouchDB.framework; sourceTree = BUILT_PRODUCTS_DIR; };
		"SwiftyCouchDB::SwiftyCouchDBTests::Product" /* SwiftyCouchDBTests.xctest */ = {isa = PBXFileReference; explicitFileType = wrapper.cfbundle; path = SwiftyCouchDBTests.xctest; sourceTree = BUILT_PRODUCTS_DIR; };
		"SwiftyJSON::SwiftyJSON::Product" /* SwiftyJSON.framework */ = {isa = PBXFileReference; explicitFileType = wrapper.framework; path = SwiftyJSON.framework; sourceTree = BUILT_PRODUCTS_DIR; };
/* End PBXFileReference section */

/* Begin PBXFrameworksBuildPhase section */
		OBJ_170 /* Frameworks */ = {
			isa = PBXFrameworksBuildPhase;
			buildActionMask = 0;
			files = (
				OBJ_171 /* SwiftyCouchDB.framework in Frameworks */,
				OBJ_172 /* SwiftyJSON.framework in Frameworks */,
				OBJ_173 /* KituraNet.framework in Frameworks */,
				OBJ_174 /* SSLService.framework in Frameworks */,
				OBJ_175 /* Socket.framework in Frameworks */,
				OBJ_176 /* CHTTPParser.framework in Frameworks */,
				OBJ_177 /* HeliumLogger.framework in Frameworks */,
				OBJ_178 /* LoggerAPI.framework in Frameworks */,
			);
			runOnlyForDeploymentPostprocessing = 0;
		};
		OBJ_214 /* Frameworks */ = {
			isa = PBXFrameworksBuildPhase;
			buildActionMask = 0;
			files = (
				OBJ_215 /* SwiftyJSON.framework in Frameworks */,
				OBJ_216 /* KituraNet.framework in Frameworks */,
				OBJ_217 /* SSLService.framework in Frameworks */,
				OBJ_218 /* Socket.framework in Frameworks */,
				OBJ_219 /* CHTTPParser.framework in Frameworks */,
				OBJ_220 /* HeliumLogger.framework in Frameworks */,
				OBJ_221 /* LoggerAPI.framework in Frameworks */,
			);
			runOnlyForDeploymentPostprocessing = 0;
		};
		OBJ_235 /* Frameworks */ = {
			isa = PBXFrameworksBuildPhase;
			buildActionMask = 0;
			files = (
			);
			runOnlyForDeploymentPostprocessing = 0;
		};
		OBJ_276 /* Frameworks */ = {
			isa = PBXFrameworksBuildPhase;
			buildActionMask = 0;
			files = (
				OBJ_277 /* SSLService.framework in Frameworks */,
				OBJ_278 /* Socket.framework in Frameworks */,
				OBJ_279 /* LoggerAPI.framework in Frameworks */,
				OBJ_280 /* CHTTPParser.framework in Frameworks */,
			);
			runOnlyForDeploymentPostprocessing = 0;
		};
		OBJ_290 /* Frameworks */ = {
			isa = PBXFrameworksBuildPhase;
			buildActionMask = 0;
			files = (
				OBJ_291 /* Socket.framework in Frameworks */,
			);
			runOnlyForDeploymentPostprocessing = 0;
		};
		OBJ_300 /* Frameworks */ = {
			isa = PBXFrameworksBuildPhase;
			buildActionMask = 0;
			files = (
			);
			runOnlyForDeploymentPostprocessing = 0;
		};
		OBJ_307 /* Frameworks */ = {
			isa = PBXFrameworksBuildPhase;
			buildActionMask = 0;
			files = (
			);
			runOnlyForDeploymentPostprocessing = 0;
		};
		OBJ_314 /* Frameworks */ = {
			isa = PBXFrameworksBuildPhase;
			buildActionMask = 0;
			files = (
				OBJ_315 /* LoggerAPI.framework in Frameworks */,
			);
			runOnlyForDeploymentPostprocessing = 0;
		};
		OBJ_322 /* Frameworks */ = {
			isa = PBXFrameworksBuildPhase;
			buildActionMask = 0;
			files = (
			);
			runOnlyForDeploymentPostprocessing = 0;
		};
/* End PBXFrameworksBuildPhase section */

/* Begin PBXGroup section */
		OBJ_100 /* HeliumLogger */ = {
			isa = PBXGroup;
			children = (
				OBJ_101 /* HeliumLogger.swift */,
				OBJ_102 /* HeliumStreamLogger.swift */,
			);
			name = HeliumLogger;
			path = ".build/checkouts/HeliumLogger.git-2106793442615829935/Sources/HeliumLogger";
			sourceTree = SOURCE_ROOT;
		};
		OBJ_104 /* LoggerAPI 1.7.1 */ = {
			isa = PBXGroup;
			children = (
				OBJ_105 /* LoggerAPI */,
				OBJ_107 /* Package.swift */,
			);
			name = "LoggerAPI 1.7.1";
			sourceTree = SOURCE_ROOT;
		};
		OBJ_105 /* LoggerAPI */ = {
			isa = PBXGroup;
			children = (
				OBJ_106 /* Logger.swift */,
			);
			name = LoggerAPI;
			path = ".build/checkouts/LoggerAPI.git--6449715459278086880/Sources/LoggerAPI";
			sourceTree = SOURCE_ROOT;
		};
		OBJ_108 /* Products */ = {
			isa = PBXGroup;
			children = (
				"SwiftyCouchDB::SwiftyCouchDBTests::Product" /* SwiftyCouchDBTests.xctest */,
				"SwiftyCouchDB::SwiftyCouchDB::Product" /* SwiftyCouchDB.framework */,
				"SwiftyJSON::SwiftyJSON::Product" /* SwiftyJSON.framework */,
				"Kitura-net::KituraNet::Product" /* KituraNet.framework */,
				"SSLService::SSLService::Product" /* SSLService.framework */,
				"Socket::Socket::Product" /* Socket.framework */,
				"Kitura-net::CHTTPParser::Product" /* CHTTPParser.framework */,
				"HeliumLogger::HeliumLogger::Product" /* HeliumLogger.framework */,
				"LoggerAPI::LoggerAPI::Product" /* LoggerAPI.framework */,
			);
			name = Products;
			sourceTree = BUILT_PRODUCTS_DIR;
		};
		OBJ_18 /* MiniPromiseKit */ = {
			isa = PBXGroup;
			children = (
				OBJ_19 /* Apply.swift */,
				OBJ_20 /* BasicPromise.swift */,
				OBJ_21 /* Promise.swift */,
				OBJ_22 /* Result.swift */,
			);
			path = MiniPromiseKit;
			sourceTree = "<group>";
		};
		OBJ_24 /* Tests */ = {
			isa = PBXGroup;
			children = (
				OBJ_25 /* SwiftyCouchDBTests */,
			);
			path = Tests;
			sourceTree = SOURCE_ROOT;
		};
		OBJ_25 /* SwiftyCouchDBTests */ = {
			isa = PBXGroup;
			children = (
				OBJ_26 /* ConnectionProperties.swift */,
				OBJ_27 /* Database.swift */,
				OBJ_28 /* DatabaseObjectScheme.swift */,
				OBJ_29 /* DatabaseReference.swift */,
				OBJ_30 /* XCTTests+DB.swift */,
			);
			path = SwiftyCouchDBTests;
			sourceTree = "<group>";
		};
		OBJ_32 /* Dependencies */ = {
			isa = PBXGroup;
			children = (
				OBJ_33 /* SwiftyJSON 17.0.0 */,
				OBJ_38 /* Kitura-net 1.7.18 */,
				OBJ_89 /* SSLService 0.12.62 */,
				OBJ_93 /* Socket 0.12.74 */,
				OBJ_99 /* HeliumLogger 1.7.1 */,
				OBJ_104 /* LoggerAPI 1.7.1 */,
			);
			name = Dependencies;
			sourceTree = "<group>";
		};
		OBJ_33 /* SwiftyJSON 17.0.0 */ = {
			isa = PBXGroup;
			children = (
				OBJ_34 /* SwiftyJSON */,
				OBJ_37 /* Package.swift */,
			);
			name = "SwiftyJSON 17.0.0";
			sourceTree = SOURCE_ROOT;
		};
		OBJ_34 /* SwiftyJSON */ = {
			isa = PBXGroup;
			children = (
				OBJ_35 /* LclJSONSerialization.swift */,
				OBJ_36 /* SwiftyJSON.swift */,
			);
			name = SwiftyJSON;
			path = ".build/checkouts/SwiftyJSON.git--6955445084174387031/Sources/SwiftyJSON";
			sourceTree = SOURCE_ROOT;
		};
		OBJ_38 /* Kitura-net 1.7.18 */ = {
			isa = PBXGroup;
			children = (
				OBJ_39 /* CHTTPParser */,
				OBJ_47 /* KituraNet */,
				OBJ_88 /* Package.swift */,
			);
			name = "Kitura-net 1.7.18";
			sourceTree = SOURCE_ROOT;
		};
		OBJ_39 /* CHTTPParser */ = {
			isa = PBXGroup;
			children = (
				OBJ_40 /* http_parser.c */,
				OBJ_41 /* utils.c */,
				OBJ_42 /* include */,
			);
			name = CHTTPParser;
			path = ".build/checkouts/Kitura-net.git--7410958935072501107/Sources/CHTTPParser";
			sourceTree = SOURCE_ROOT;
		};
		OBJ_42 /* include */ = {
			isa = PBXGroup;
			children = (
				OBJ_43 /* CHTTPParser.h */,
				OBJ_44 /* http_parser.h */,
				OBJ_45 /* utils.h */,
				OBJ_46 /* module.modulemap */,
			);
			path = include;
			sourceTree = "<group>";
		};
		OBJ_47 /* KituraNet */ = {
			isa = PBXGroup;
			children = (
				OBJ_48 /* BufferList.swift */,
				OBJ_49 /* ClientRequest.swift */,
				OBJ_50 /* ClientResponse.swift */,
				OBJ_51 /* ConnectionUpgradeFactory.swift */,
				OBJ_52 /* ConnectionUpgrader.swift */,
				OBJ_53 /* Error.swift */,
				OBJ_54 /* FastCGI */,
				OBJ_61 /* HTTP */,
				OBJ_68 /* HTTPParser */,
				OBJ_73 /* HeadersContainer.swift */,
				OBJ_74 /* IncomingSocketHandler.swift */,
				OBJ_75 /* IncomingSocketManager.swift */,
				OBJ_76 /* IncomingSocketProcessor.swift */,
				OBJ_77 /* IncomingSocketProcessorCreator.swift */,
				OBJ_78 /* ListenerGroup.swift */,
				OBJ_79 /* SPIUtils.swift */,
				OBJ_80 /* Server */,
				OBJ_86 /* ServerRequest.swift */,
				OBJ_87 /* ServerResponse.swift */,
			);
			name = KituraNet;
			path = ".build/checkouts/Kitura-net.git--7410958935072501107/Sources/KituraNet";
			sourceTree = SOURCE_ROOT;
		};
		OBJ_5 /*  */ = {
			isa = PBXGroup;
			children = (
				OBJ_6 /* Package.swift */,
				OBJ_7 /* Sources */,
				OBJ_24 /* Tests */,
				OBJ_31 /* docs */,
				OBJ_32 /* Dependencies */,
				OBJ_108 /* Products */,
			);
			name = "";
			sourceTree = "<group>";
		};
		OBJ_54 /* FastCGI */ = {
			isa = PBXGroup;
			children = (
				OBJ_55 /* FastCGI.swift */,
				OBJ_56 /* FastCGIRecordCreate.swift */,
				OBJ_57 /* FastCGIRecordParser.swift */,
				OBJ_58 /* FastCGIServer.swift */,
				OBJ_59 /* FastCGIServerRequest.swift */,
				OBJ_60 /* FastCGIServerResponse.swift */,
			);
			path = FastCGI;
			sourceTree = "<group>";
		};
		OBJ_61 /* HTTP */ = {
			isa = PBXGroup;
			children = (
				OBJ_62 /* HTTP.swift */,
				OBJ_63 /* HTTPServer.swift */,
				OBJ_64 /* HTTPServerRequest.swift */,
				OBJ_65 /* HTTPServerResponse.swift */,
				OBJ_66 /* IncomingHTTPSocketProcessor.swift */,
				OBJ_67 /* KeepAliveState.swift */,
			);
			path = HTTP;
			sourceTree = "<group>";
		};
		OBJ_68 /* HTTPParser */ = {
			isa = PBXGroup;
			children = (
				OBJ_69 /* HTTPParser.swift */,
				OBJ_70 /* HTTPParserStatus.swift */,
				OBJ_71 /* ParseResults.swift */,
				OBJ_72 /* URLParser.swift */,
			);
			path = HTTPParser;
			sourceTree = "<group>";
		};
		OBJ_7 /* Sources */ = {
			isa = PBXGroup;
			children = (
				OBJ_8 /* ConnectionProperties.swift */,
				OBJ_9 /* CouchDBCore.swift */,
				OBJ_10 /* Database.swift */,
				OBJ_11 /* DatabaseObject.swift */,
				OBJ_12 /* DatabaseObjectBase.swift */,
				OBJ_13 /* DatabaseObjectProperty.swift */,
				OBJ_14 /* DatabaseObjectScheme.swift */,
				OBJ_15 /* DatabaseReference.swift */,
				OBJ_16 /* EquatableExts.swift */,
				OBJ_17 /* Error.swift */,
				OBJ_18 /* MiniPromiseKit */,
				OBJ_23 /* RequestManager.swift */,
			);
			path = Sources;
			sourceTree = SOURCE_ROOT;
		};
		OBJ_80 /* Server */ = {
			isa = PBXGroup;
			children = (
				OBJ_81 /* Server.swift */,
				OBJ_82 /* ServerDelegate.swift */,
				OBJ_83 /* ServerLifecycleListener.swift */,
				OBJ_84 /* ServerMonitor.swift */,
				OBJ_85 /* ServerState.swift */,
			);
			path = Server;
			sourceTree = "<group>";
		};
		OBJ_89 /* SSLService 0.12.62 */ = {
			isa = PBXGroup;
			children = (
				OBJ_90 /* SSLService */,
				OBJ_92 /* Package.swift */,
			);
			name = "SSLService 0.12.62";
			sourceTree = SOURCE_ROOT;
		};
		OBJ_90 /* SSLService */ = {
			isa = PBXGroup;
			children = (
				OBJ_91 /* SSLService.swift */,
			);
			name = SSLService;
			path = ".build/checkouts/BlueSSLService.git--6577639804771281610/Sources/SSLService";
			sourceTree = SOURCE_ROOT;
		};
		OBJ_93 /* Socket 0.12.74 */ = {
			isa = PBXGroup;
			children = (
				OBJ_94 /* Socket */,
				OBJ_98 /* Package.swift */,
			);
			name = "Socket 0.12.74";
			sourceTree = SOURCE_ROOT;
		};
		OBJ_94 /* Socket */ = {
			isa = PBXGroup;
			children = (
				OBJ_95 /* Socket.swift */,
				OBJ_96 /* SocketProtocols.swift */,
				OBJ_97 /* SocketUtils.swift */,
			);
			name = Socket;
			path = ".build/checkouts/BlueSocket.git-3162807777605905816/Sources/Socket";
			sourceTree = SOURCE_ROOT;
		};
		OBJ_99 /* HeliumLogger 1.7.1 */ = {
			isa = PBXGroup;
			children = (
				OBJ_100 /* HeliumLogger */,
				OBJ_103 /* Package.swift */,
			);
			name = "HeliumLogger 1.7.1";
			sourceTree = SOURCE_ROOT;
		};
/* End PBXGroup section */

/* Begin PBXNativeTarget section */
		"HeliumLogger::HeliumLogger" /* HeliumLogger */ = {
			isa = PBXNativeTarget;
			buildConfigurationList = OBJ_308 /* Build configuration list for PBXNativeTarget "HeliumLogger" */;
			buildPhases = (
				OBJ_311 /* Sources */,
				OBJ_314 /* Frameworks */,
			);
			buildRules = (
			);
			dependencies = (
				OBJ_316 /* PBXTargetDependency */,
			);
			name = HeliumLogger;
			productName = HeliumLogger;
			productReference = "HeliumLogger::HeliumLogger::Product" /* HeliumLogger.framework */;
			productType = "com.apple.product-type.framework";
		};
		"HeliumLogger::SwiftPMPackageDescription" /* HeliumLoggerPackageDescription */ = {
			isa = PBXNativeTarget;
			buildConfigurationList = OBJ_149 /* Build configuration list for PBXNativeTarget "HeliumLoggerPackageDescription" */;
			buildPhases = (
				OBJ_152 /* Sources */,
			);
			buildRules = (
			);
			dependencies = (
			);
			name = HeliumLoggerPackageDescription;
			productName = HeliumLoggerPackageDescription;
			productType = "com.apple.product-type.framework";
		};
		"Kitura-net::CHTTPParser" /* CHTTPParser */ = {
			isa = PBXNativeTarget;
			buildConfigurationList = OBJ_301 /* Build configuration list for PBXNativeTarget "CHTTPParser" */;
			buildPhases = (
				OBJ_304 /* Sources */,
				OBJ_307 /* Frameworks */,
			);
			buildRules = (
			);
			dependencies = (
			);
			name = CHTTPParser;
			productName = CHTTPParser;
			productReference = "Kitura-net::CHTTPParser::Product" /* CHTTPParser.framework */;
			productType = "com.apple.product-type.framework";
		};
		"Kitura-net::KituraNet" /* KituraNet */ = {
			isa = PBXNativeTarget;
			buildConfigurationList = OBJ_236 /* Build configuration list for PBXNativeTarget "KituraNet" */;
			buildPhases = (
				OBJ_239 /* Sources */,
				OBJ_276 /* Frameworks */,
			);
			buildRules = (
			);
			dependencies = (
				OBJ_281 /* PBXTargetDependency */,
				OBJ_282 /* PBXTargetDependency */,
				OBJ_283 /* PBXTargetDependency */,
				OBJ_284 /* PBXTargetDependency */,
			);
			name = KituraNet;
			productName = KituraNet;
			productReference = "Kitura-net::KituraNet::Product" /* KituraNet.framework */;
			productType = "com.apple.product-type.framework";
		};
		"Kitura-net::SwiftPMPackageDescription" /* Kitura-netPackageDescription */ = {
			isa = PBXNativeTarget;
			buildConfigurationList = OBJ_131 /* Build configuration list for PBXNativeTarget "Kitura-netPackageDescription" */;
			buildPhases = (
				OBJ_134 /* Sources */,
			);
			buildRules = (
			);
			dependencies = (
			);
			name = "Kitura-netPackageDescription";
			productName = "Kitura-netPackageDescription";
			productType = "com.apple.product-type.framework";
		};
		"LoggerAPI::LoggerAPI" /* LoggerAPI */ = {
			isa = PBXNativeTarget;
			buildConfigurationList = OBJ_317 /* Build configuration list for PBXNativeTarget "LoggerAPI" */;
			buildPhases = (
				OBJ_320 /* Sources */,
				OBJ_322 /* Frameworks */,
			);
			buildRules = (
			);
			dependencies = (
			);
			name = LoggerAPI;
			productName = LoggerAPI;
			productReference = "LoggerAPI::LoggerAPI::Product" /* LoggerAPI.framework */;
			productType = "com.apple.product-type.framework";
		};
		"LoggerAPI::SwiftPMPackageDescription" /* LoggerAPIPackageDescription */ = {
			isa = PBXNativeTarget;
			buildConfigurationList = OBJ_155 /* Build configuration list for PBXNativeTarget "LoggerAPIPackageDescription" */;
			buildPhases = (
				OBJ_158 /* Sources */,
			);
			buildRules = (
			);
			dependencies = (
			);
			name = LoggerAPIPackageDescription;
			productName = LoggerAPIPackageDescription;
			productType = "com.apple.product-type.framework";
		};
		"SSLService::SSLService" /* SSLService */ = {
			isa = PBXNativeTarget;
			buildConfigurationList = OBJ_285 /* Build configuration list for PBXNativeTarget "SSLService" */;
			buildPhases = (
				OBJ_288 /* Sources */,
				OBJ_290 /* Frameworks */,
			);
			buildRules = (
			);
			dependencies = (
				OBJ_292 /* PBXTargetDependency */,
			);
			name = SSLService;
			productName = SSLService;
			productReference = "SSLService::SSLService::Product" /* SSLService.framework */;
			productType = "com.apple.product-type.framework";
		};
		"SSLService::SwiftPMPackageDescription" /* SSLServicePackageDescription */ = {
			isa = PBXNativeTarget;
			buildConfigurationList = OBJ_137 /* Build configuration list for PBXNativeTarget "SSLServicePackageDescription" */;
			buildPhases = (
				OBJ_140 /* Sources */,
			);
			buildRules = (
			);
			dependencies = (
			);
			name = SSLServicePackageDescription;
			productName = SSLServicePackageDescription;
			productType = "com.apple.product-type.framework";
		};
		"Socket::Socket" /* Socket */ = {
			isa = PBXNativeTarget;
			buildConfigurationList = OBJ_293 /* Build configuration list for PBXNativeTarget "Socket" */;
			buildPhases = (
				OBJ_296 /* Sources */,
				OBJ_300 /* Frameworks */,
			);
			buildRules = (
			);
			dependencies = (
			);
			name = Socket;
			productName = Socket;
			productReference = "Socket::Socket::Product" /* Socket.framework */;
			productType = "com.apple.product-type.framework";
		};
		"Socket::SwiftPMPackageDescription" /* SocketPackageDescription */ = {
			isa = PBXNativeTarget;
			buildConfigurationList = OBJ_143 /* Build configuration list for PBXNativeTarget "SocketPackageDescription" */;
			buildPhases = (
				OBJ_146 /* Sources */,
			);
			buildRules = (
			);
			dependencies = (
			);
			name = SocketPackageDescription;
			productName = SocketPackageDescription;
			productType = "com.apple.product-type.framework";
		};
		"SwiftyCouchDB::SwiftPMPackageDescription" /* SwiftyCouchDBPackageDescription */ = {
			isa = PBXNativeTarget;
			buildConfigurationList = OBJ_119 /* Build configuration list for PBXNativeTarget "SwiftyCouchDBPackageDescription" */;
			buildPhases = (
				OBJ_122 /* Sources */,
			);
			buildRules = (
			);
			dependencies = (
			);
			name = SwiftyCouchDBPackageDescription;
			productName = SwiftyCouchDBPackageDescription;
			productType = "com.apple.product-type.framework";
		};
		"SwiftyCouchDB::SwiftyCouchDB" /* SwiftyCouchDB */ = {
			isa = PBXNativeTarget;
			buildConfigurationList = OBJ_195 /* Build configuration list for PBXNativeTarget "SwiftyCouchDB" */;
			buildPhases = (
				OBJ_198 /* Sources */,
				OBJ_214 /* Frameworks */,
			);
			buildRules = (
			);
			dependencies = (
				OBJ_222 /* PBXTargetDependency */,
				OBJ_223 /* PBXTargetDependency */,
				OBJ_224 /* PBXTargetDependency */,
				OBJ_225 /* PBXTargetDependency */,
				OBJ_226 /* PBXTargetDependency */,
				OBJ_227 /* PBXTargetDependency */,
				OBJ_228 /* PBXTargetDependency */,
			);
			name = SwiftyCouchDB;
			productName = SwiftyCouchDB;
			productReference = "SwiftyCouchDB::SwiftyCouchDB::Product" /* SwiftyCouchDB.framework */;
			productType = "com.apple.product-type.framework";
		};
		"SwiftyCouchDB::SwiftyCouchDBTests" /* SwiftyCouchDBTests */ = {
			isa = PBXNativeTarget;
			buildConfigurationList = OBJ_161 /* Build configuration list for PBXNativeTarget "SwiftyCouchDBTests" */;
			buildPhases = (
				OBJ_164 /* Sources */,
				OBJ_170 /* Frameworks */,
			);
			buildRules = (
			);
			dependencies = (
				OBJ_179 /* PBXTargetDependency */,
				OBJ_181 /* PBXTargetDependency */,
				OBJ_183 /* PBXTargetDependency */,
				OBJ_185 /* PBXTargetDependency */,
				OBJ_187 /* PBXTargetDependency */,
				OBJ_189 /* PBXTargetDependency */,
				OBJ_191 /* PBXTargetDependency */,
				OBJ_193 /* PBXTargetDependency */,
			);
			name = SwiftyCouchDBTests;
			productName = SwiftyCouchDBTests;
			productReference = "SwiftyCouchDB::SwiftyCouchDBTests::Product" /* SwiftyCouchDBTests.xctest */;
			productType = "com.apple.product-type.bundle.unit-test";
		};
		"SwiftyJSON::SwiftPMPackageDescription" /* SwiftyJSONPackageDescription */ = {
			isa = PBXNativeTarget;
			buildConfigurationList = OBJ_125 /* Build configuration list for PBXNativeTarget "SwiftyJSONPackageDescription" */;
			buildPhases = (
				OBJ_128 /* Sources */,
			);
			buildRules = (
			);
			dependencies = (
			);
			name = SwiftyJSONPackageDescription;
			productName = SwiftyJSONPackageDescription;
			productType = "com.apple.product-type.framework";
		};
		"SwiftyJSON::SwiftyJSON" /* SwiftyJSON */ = {
			isa = PBXNativeTarget;
			buildConfigurationList = OBJ_229 /* Build configuration list for PBXNativeTarget "SwiftyJSON" */;
			buildPhases = (
				OBJ_232 /* Sources */,
				OBJ_235 /* Frameworks */,
			);
			buildRules = (
			);
			dependencies = (
			);
			name = SwiftyJSON;
			productName = SwiftyJSON;
			productReference = "SwiftyJSON::SwiftyJSON::Product" /* SwiftyJSON.framework */;
			productType = "com.apple.product-type.framework";
		};
/* End PBXNativeTarget section */

/* Begin PBXProject section */
		OBJ_1 /* Project object */ = {
			isa = PBXProject;
			attributes = {
				LastUpgradeCheck = 0900;
			};
			buildConfigurationList = OBJ_2 /* Build configuration list for PBXProject "SwiftyCouchDB" */;
			compatibilityVersion = "Xcode 3.2";
			developmentRegion = English;
			hasScannedForEncodings = 0;
			knownRegions = (
				en,
			);
			mainGroup = OBJ_5 /*  */;
			productRefGroup = OBJ_108 /* Products */;
			projectDirPath = "";
			projectRoot = "";
			targets = (
				"SwiftyCouchDB::SwiftPMPackageDescription" /* SwiftyCouchDBPackageDescription */,
				"SwiftyJSON::SwiftPMPackageDescription" /* SwiftyJSONPackageDescription */,
				"Kitura-net::SwiftPMPackageDescription" /* Kitura-netPackageDescription */,
				"SSLService::SwiftPMPackageDescription" /* SSLServicePackageDescription */,
				"Socket::SwiftPMPackageDescription" /* SocketPackageDescription */,
				"HeliumLogger::SwiftPMPackageDescription" /* HeliumLoggerPackageDescription */,
				"LoggerAPI::SwiftPMPackageDescription" /* LoggerAPIPackageDescription */,
				"SwiftyCouchDB::SwiftyCouchDBTests" /* SwiftyCouchDBTests */,
				"SwiftyCouchDB::SwiftyCouchDB" /* SwiftyCouchDB */,
				"SwiftyJSON::SwiftyJSON" /* SwiftyJSON */,
				"Kitura-net::KituraNet" /* KituraNet */,
				"SSLService::SSLService" /* SSLService */,
				"Socket::Socket" /* Socket */,
				"Kitura-net::CHTTPParser" /* CHTTPParser */,
				"HeliumLogger::HeliumLogger" /* HeliumLogger */,
				"LoggerAPI::LoggerAPI" /* LoggerAPI */,
				"SwiftyCouchDB::SwiftyCouchDBPackageTests::ProductTarget" /* SwiftyCouchDBPackageTests */,
				"CCurl::CCurl::ProductTarget" /* CCurl */,
			);
		};
/* End PBXProject section */

/* Begin PBXSourcesBuildPhase section */
		OBJ_122 /* Sources */ = {
			isa = PBXSourcesBuildPhase;
			buildActionMask = 0;
			files = (
				OBJ_123 /* Package.swift in Sources */,
			);
			runOnlyForDeploymentPostprocessing = 0;
		};
		OBJ_128 /* Sources */ = {
			isa = PBXSourcesBuildPhase;
			buildActionMask = 0;
			files = (
				OBJ_129 /* Package.swift in Sources */,
			);
			runOnlyForDeploymentPostprocessing = 0;
		};
		OBJ_134 /* Sources */ = {
			isa = PBXSourcesBuildPhase;
			buildActionMask = 0;
			files = (
				OBJ_135 /* Package.swift in Sources */,
			);
			runOnlyForDeploymentPostprocessing = 0;
		};
		OBJ_140 /* Sources */ = {
			isa = PBXSourcesBuildPhase;
			buildActionMask = 0;
			files = (
				OBJ_141 /* Package.swift in Sources */,
			);
			runOnlyForDeploymentPostprocessing = 0;
		};
		OBJ_146 /* Sources */ = {
			isa = PBXSourcesBuildPhase;
			buildActionMask = 0;
			files = (
				OBJ_147 /* Package.swift in Sources */,
			);
			runOnlyForDeploymentPostprocessing = 0;
		};
		OBJ_152 /* Sources */ = {
			isa = PBXSourcesBuildPhase;
			buildActionMask = 0;
			files = (
				OBJ_153 /* Package.swift in Sources */,
			);
			runOnlyForDeploymentPostprocessing = 0;
		};
		OBJ_158 /* Sources */ = {
			isa = PBXSourcesBuildPhase;
			buildActionMask = 0;
			files = (
				OBJ_159 /* Package.swift in Sources */,
			);
			runOnlyForDeploymentPostprocessing = 0;
		};
		OBJ_164 /* Sources */ = {
			isa = PBXSourcesBuildPhase;
			buildActionMask = 0;
			files = (
				OBJ_165 /* ConnectionProperties.swift in Sources */,
				OBJ_166 /* Database.swift in Sources */,
				OBJ_167 /* DatabaseObjectScheme.swift in Sources */,
				OBJ_168 /* DatabaseReference.swift in Sources */,
				OBJ_169 /* XCTTests+DB.swift in Sources */,
			);
			runOnlyForDeploymentPostprocessing = 0;
		};
		OBJ_198 /* Sources */ = {
			isa = PBXSourcesBuildPhase;
			buildActionMask = 0;
			files = (
				OBJ_199 /* ConnectionProperties.swift in Sources */,
				OBJ_200 /* CouchDBCore.swift in Sources */,
				OBJ_201 /* Database.swift in Sources */,
				OBJ_202 /* DatabaseObject.swift in Sources */,
				OBJ_203 /* DatabaseObjectBase.swift in Sources */,
				OBJ_204 /* DatabaseObjectProperty.swift in Sources */,
				OBJ_205 /* DatabaseObjectScheme.swift in Sources */,
				OBJ_206 /* DatabaseReference.swift in Sources */,
				OBJ_207 /* EquatableExts.swift in Sources */,
				OBJ_208 /* Error.swift in Sources */,
				OBJ_209 /* Apply.swift in Sources */,
				OBJ_210 /* BasicPromise.swift in Sources */,
				OBJ_211 /* Promise.swift in Sources */,
				OBJ_212 /* Result.swift in Sources */,
				OBJ_213 /* RequestManager.swift in Sources */,
			);
			runOnlyForDeploymentPostprocessing = 0;
		};
		OBJ_232 /* Sources */ = {
			isa = PBXSourcesBuildPhase;
			buildActionMask = 0;
			files = (
				OBJ_233 /* LclJSONSerialization.swift in Sources */,
				OBJ_234 /* SwiftyJSON.swift in Sources */,
			);
			runOnlyForDeploymentPostprocessing = 0;
		};
		OBJ_239 /* Sources */ = {
			isa = PBXSourcesBuildPhase;
			buildActionMask = 0;
			files = (
				OBJ_240 /* BufferList.swift in Sources */,
				OBJ_241 /* ClientRequest.swift in Sources */,
				OBJ_242 /* ClientResponse.swift in Sources */,
				OBJ_243 /* ConnectionUpgradeFactory.swift in Sources */,
				OBJ_244 /* ConnectionUpgrader.swift in Sources */,
				OBJ_245 /* Error.swift in Sources */,
				OBJ_246 /* FastCGI.swift in Sources */,
				OBJ_247 /* FastCGIRecordCreate.swift in Sources */,
				OBJ_248 /* FastCGIRecordParser.swift in Sources */,
				OBJ_249 /* FastCGIServer.swift in Sources */,
				OBJ_250 /* FastCGIServerRequest.swift in Sources */,
				OBJ_251 /* FastCGIServerResponse.swift in Sources */,
				OBJ_252 /* HTTP.swift in Sources */,
				OBJ_253 /* HTTPServer.swift in Sources */,
				OBJ_254 /* HTTPServerRequest.swift in Sources */,
				OBJ_255 /* HTTPServerResponse.swift in Sources */,
				OBJ_256 /* IncomingHTTPSocketProcessor.swift in Sources */,
				OBJ_257 /* KeepAliveState.swift in Sources */,
				OBJ_258 /* HTTPParser.swift in Sources */,
				OBJ_259 /* HTTPParserStatus.swift in Sources */,
				OBJ_260 /* ParseResults.swift in Sources */,
				OBJ_261 /* URLParser.swift in Sources */,
				OBJ_262 /* HeadersContainer.swift in Sources */,
				OBJ_263 /* IncomingSocketHandler.swift in Sources */,
				OBJ_264 /* IncomingSocketManager.swift in Sources */,
				OBJ_265 /* IncomingSocketProcessor.swift in Sources */,
				OBJ_266 /* IncomingSocketProcessorCreator.swift in Sources */,
				OBJ_267 /* ListenerGroup.swift in Sources */,
				OBJ_268 /* SPIUtils.swift in Sources */,
				OBJ_269 /* Server.swift in Sources */,
				OBJ_270 /* ServerDelegate.swift in Sources */,
				OBJ_271 /* ServerLifecycleListener.swift in Sources */,
				OBJ_272 /* ServerMonitor.swift in Sources */,
				OBJ_273 /* ServerState.swift in Sources */,
				OBJ_274 /* ServerRequest.swift in Sources */,
				OBJ_275 /* ServerResponse.swift in Sources */,
			);
			runOnlyForDeploymentPostprocessing = 0;
		};
		OBJ_288 /* Sources */ = {
			isa = PBXSourcesBuildPhase;
			buildActionMask = 0;
			files = (
				OBJ_289 /* SSLService.swift in Sources */,
			);
			runOnlyForDeploymentPostprocessing = 0;
		};
		OBJ_296 /* Sources */ = {
			isa = PBXSourcesBuildPhase;
			buildActionMask = 0;
			files = (
				OBJ_297 /* Socket.swift in Sources */,
				OBJ_298 /* SocketProtocols.swift in Sources */,
				OBJ_299 /* SocketUtils.swift in Sources */,
			);
			runOnlyForDeploymentPostprocessing = 0;
		};
		OBJ_304 /* Sources */ = {
			isa = PBXSourcesBuildPhase;
			buildActionMask = 0;
			files = (
				OBJ_305 /* http_parser.c in Sources */,
				OBJ_306 /* utils.c in Sources */,
			);
			runOnlyForDeploymentPostprocessing = 0;
		};
		OBJ_311 /* Sources */ = {
			isa = PBXSourcesBuildPhase;
			buildActionMask = 0;
			files = (
				OBJ_312 /* HeliumLogger.swift in Sources */,
				OBJ_313 /* HeliumStreamLogger.swift in Sources */,
			);
			runOnlyForDeploymentPostprocessing = 0;
		};
		OBJ_320 /* Sources */ = {
			isa = PBXSourcesBuildPhase;
			buildActionMask = 0;
			files = (
				OBJ_321 /* Logger.swift in Sources */,
			);
			runOnlyForDeploymentPostprocessing = 0;
		};
/* End PBXSourcesBuildPhase section */

/* Begin PBXTargetDependency section */
		OBJ_179 /* PBXTargetDependency */ = {
			isa = PBXTargetDependency;
			target = "SwiftyCouchDB::SwiftyCouchDB" /* SwiftyCouchDB */;
			targetProxy = C8C388491F98FC8300274FC0 /* PBXContainerItemProxy */;
		};
		OBJ_181 /* PBXTargetDependency */ = {
			isa = PBXTargetDependency;
			target = "SwiftyJSON::SwiftyJSON" /* SwiftyJSON */;
			targetProxy = C8C3884A1F98FC8300274FC0 /* PBXContainerItemProxy */;
		};
		OBJ_183 /* PBXTargetDependency */ = {
			isa = PBXTargetDependency;
			target = "Kitura-net::KituraNet" /* KituraNet */;
			targetProxy = C8C3884B1F98FC8300274FC0 /* PBXContainerItemProxy */;
		};
		OBJ_185 /* PBXTargetDependency */ = {
			isa = PBXTargetDependency;
			target = "SSLService::SSLService" /* SSLService */;
			targetProxy = C8C3884C1F98FC8300274FC0 /* PBXContainerItemProxy */;
		};
		OBJ_187 /* PBXTargetDependency */ = {
			isa = PBXTargetDependency;
			target = "Socket::Socket" /* Socket */;
			targetProxy = C8C3884D1F98FC8300274FC0 /* PBXContainerItemProxy */;
		};
		OBJ_189 /* PBXTargetDependency */ = {
			isa = PBXTargetDependency;
			target = "Kitura-net::CHTTPParser" /* CHTTPParser */;
			targetProxy = C8C3884E1F98FC8300274FC0 /* PBXContainerItemProxy */;
		};
		OBJ_191 /* PBXTargetDependency */ = {
			isa = PBXTargetDependency;
			target = "HeliumLogger::HeliumLogger" /* HeliumLogger */;
			targetProxy = C8C3884F1F98FC8300274FC0 /* PBXContainerItemProxy */;
		};
		OBJ_193 /* PBXTargetDependency */ = {
			isa = PBXTargetDependency;
			target = "LoggerAPI::LoggerAPI" /* LoggerAPI */;
			targetProxy = C8C388501F98FC8300274FC0 /* PBXContainerItemProxy */;
		};
		OBJ_222 /* PBXTargetDependency */ = {
			isa = PBXTargetDependency;
			target = "SwiftyJSON::SwiftyJSON" /* SwiftyJSON */;
			targetProxy = C8C388421F98FC8300274FC0 /* PBXContainerItemProxy */;
		};
		OBJ_223 /* PBXTargetDependency */ = {
			isa = PBXTargetDependency;
			target = "Kitura-net::KituraNet" /* KituraNet */;
			targetProxy = C8C388431F98FC8300274FC0 /* PBXContainerItemProxy */;
		};
		OBJ_224 /* PBXTargetDependency */ = {
			isa = PBXTargetDependency;
			target = "SSLService::SSLService" /* SSLService */;
			targetProxy = C8C388441F98FC8300274FC0 /* PBXContainerItemProxy */;
		};
		OBJ_225 /* PBXTargetDependency */ = {
			isa = PBXTargetDependency;
			target = "Socket::Socket" /* Socket */;
			targetProxy = C8C388451F98FC8300274FC0 /* PBXContainerItemProxy */;
		};
		OBJ_226 /* PBXTargetDependency */ = {
			isa = PBXTargetDependency;
			target = "Kitura-net::CHTTPParser" /* CHTTPParser */;
			targetProxy = C8C388461F98FC8300274FC0 /* PBXContainerItemProxy */;
		};
		OBJ_227 /* PBXTargetDependency */ = {
			isa = PBXTargetDependency;
			target = "HeliumLogger::HeliumLogger" /* HeliumLogger */;
			targetProxy = C8C388471F98FC8300274FC0 /* PBXContainerItemProxy */;
		};
		OBJ_228 /* PBXTargetDependency */ = {
			isa = PBXTargetDependency;
			target = "LoggerAPI::LoggerAPI" /* LoggerAPI */;
			targetProxy = C8C388481F98FC8300274FC0 /* PBXContainerItemProxy */;
		};
		OBJ_281 /* PBXTargetDependency */ = {
			isa = PBXTargetDependency;
			target = "SSLService::SSLService" /* SSLService */;
			targetProxy = C8C3883E1F98FC8300274FC0 /* PBXContainerItemProxy */;
		};
		OBJ_282 /* PBXTargetDependency */ = {
			isa = PBXTargetDependency;
			target = "Socket::Socket" /* Socket */;
			targetProxy = C8C3883F1F98FC8300274FC0 /* PBXContainerItemProxy */;
		};
		OBJ_283 /* PBXTargetDependency */ = {
			isa = PBXTargetDependency;
			target = "LoggerAPI::LoggerAPI" /* LoggerAPI */;
			targetProxy = C8C388401F98FC8300274FC0 /* PBXContainerItemProxy */;
		};
		OBJ_284 /* PBXTargetDependency */ = {
			isa = PBXTargetDependency;
			target = "Kitura-net::CHTTPParser" /* CHTTPParser */;
			targetProxy = C8C388411F98FC8300274FC0 /* PBXContainerItemProxy */;
		};
		OBJ_292 /* PBXTargetDependency */ = {
			isa = PBXTargetDependency;
			target = "Socket::Socket" /* Socket */;
			targetProxy = C8C3883D1F98FC8300274FC0 /* PBXContainerItemProxy */;
		};
		OBJ_316 /* PBXTargetDependency */ = {
			isa = PBXTargetDependency;
			target = "LoggerAPI::LoggerAPI" /* LoggerAPI */;
			targetProxy = C8C3883C1F98FC8300274FC0 /* PBXContainerItemProxy */;
		};
		OBJ_327 /* PBXTargetDependency */ = {
			isa = PBXTargetDependency;
			target = "SwiftyCouchDB::SwiftyCouchDBTests" /* SwiftyCouchDBTests */;
			targetProxy = C8C388511F98FC8500274FC0 /* PBXContainerItemProxy */;
		};
/* End PBXTargetDependency section */

/* Begin XCBuildConfiguration section */
		OBJ_120 /* Debug */ = {
			isa = XCBuildConfiguration;
			buildSettings = {
				LD = /usr/bin/true;
				OTHER_SWIFT_FLAGS = "-swift-version 4 -I /Applications/Xcode.app/Contents/Developer/Toolchains/XcodeDefault.xctoolchain/usr/lib/swift/pm/4 -target x86_64-apple-macosx10.10 -sdk /Applications/Xcode.app/Contents/Developer/Platforms/MacOSX.platform/Developer/SDKs/MacOSX10.13.sdk";
				SWIFT_VERSION = 4.0;
			};
			name = Debug;
		};
		OBJ_121 /* Release */ = {
			isa = XCBuildConfiguration;
			buildSettings = {
				LD = /usr/bin/true;
				OTHER_SWIFT_FLAGS = "-swift-version 4 -I /Applications/Xcode.app/Contents/Developer/Toolchains/XcodeDefault.xctoolchain/usr/lib/swift/pm/4 -target x86_64-apple-macosx10.10 -sdk /Applications/Xcode.app/Contents/Developer/Platforms/MacOSX.platform/Developer/SDKs/MacOSX10.13.sdk";
				SWIFT_VERSION = 4.0;
			};
			name = Release;
		};
		OBJ_126 /* Debug */ = {
			isa = XCBuildConfiguration;
			buildSettings = {
				LD = /usr/bin/true;
				OTHER_SWIFT_FLAGS = "-swift-version 4 -I /Applications/Xcode.app/Contents/Developer/Toolchains/XcodeDefault.xctoolchain/usr/lib/swift/pm/4 -target x86_64-apple-macosx10.10 -sdk /Applications/Xcode.app/Contents/Developer/Platforms/MacOSX.platform/Developer/SDKs/MacOSX10.13.sdk";
				SWIFT_VERSION = 4.0;
			};
			name = Debug;
		};
		OBJ_127 /* Release */ = {
			isa = XCBuildConfiguration;
			buildSettings = {
				LD = /usr/bin/true;
				OTHER_SWIFT_FLAGS = "-swift-version 4 -I /Applications/Xcode.app/Contents/Developer/Toolchains/XcodeDefault.xctoolchain/usr/lib/swift/pm/4 -target x86_64-apple-macosx10.10 -sdk /Applications/Xcode.app/Contents/Developer/Platforms/MacOSX.platform/Developer/SDKs/MacOSX10.13.sdk";
				SWIFT_VERSION = 4.0;
			};
			name = Release;
		};
		OBJ_132 /* Debug */ = {
			isa = XCBuildConfiguration;
			buildSettings = {
				LD = /usr/bin/true;
				OTHER_SWIFT_FLAGS = "-swift-version 4 -I /Applications/Xcode.app/Contents/Developer/Toolchains/XcodeDefault.xctoolchain/usr/lib/swift/pm/4 -target x86_64-apple-macosx10.10 -sdk /Applications/Xcode.app/Contents/Developer/Platforms/MacOSX.platform/Developer/SDKs/MacOSX10.13.sdk";
				SWIFT_VERSION = 4.0;
			};
			name = Debug;
		};
		OBJ_133 /* Release */ = {
			isa = XCBuildConfiguration;
			buildSettings = {
				LD = /usr/bin/true;
				OTHER_SWIFT_FLAGS = "-swift-version 4 -I /Applications/Xcode.app/Contents/Developer/Toolchains/XcodeDefault.xctoolchain/usr/lib/swift/pm/4 -target x86_64-apple-macosx10.10 -sdk /Applications/Xcode.app/Contents/Developer/Platforms/MacOSX.platform/Developer/SDKs/MacOSX10.13.sdk";
				SWIFT_VERSION = 4.0;
			};
			name = Release;
		};
		OBJ_138 /* Debug */ = {
			isa = XCBuildConfiguration;
			buildSettings = {
				LD = /usr/bin/true;
				OTHER_SWIFT_FLAGS = "-swift-version 4 -I /Applications/Xcode.app/Contents/Developer/Toolchains/XcodeDefault.xctoolchain/usr/lib/swift/pm/4 -target x86_64-apple-macosx10.10 -sdk /Applications/Xcode.app/Contents/Developer/Platforms/MacOSX.platform/Developer/SDKs/MacOSX10.13.sdk";
				SWIFT_VERSION = 4.0;
			};
			name = Debug;
		};
		OBJ_139 /* Release */ = {
			isa = XCBuildConfiguration;
			buildSettings = {
				LD = /usr/bin/true;
				OTHER_SWIFT_FLAGS = "-swift-version 4 -I /Applications/Xcode.app/Contents/Developer/Toolchains/XcodeDefault.xctoolchain/usr/lib/swift/pm/4 -target x86_64-apple-macosx10.10 -sdk /Applications/Xcode.app/Contents/Developer/Platforms/MacOSX.platform/Developer/SDKs/MacOSX10.13.sdk";
				SWIFT_VERSION = 4.0;
			};
			name = Release;
		};
		OBJ_144 /* Debug */ = {
			isa = XCBuildConfiguration;
			buildSettings = {
				LD = /usr/bin/true;
				OTHER_SWIFT_FLAGS = "-swift-version 4 -I /Applications/Xcode.app/Contents/Developer/Toolchains/XcodeDefault.xctoolchain/usr/lib/swift/pm/4 -target x86_64-apple-macosx10.10 -sdk /Applications/Xcode.app/Contents/Developer/Platforms/MacOSX.platform/Developer/SDKs/MacOSX10.13.sdk";
				SWIFT_VERSION = 4.0;
			};
			name = Debug;
		};
		OBJ_145 /* Release */ = {
			isa = XCBuildConfiguration;
			buildSettings = {
				LD = /usr/bin/true;
				OTHER_SWIFT_FLAGS = "-swift-version 4 -I /Applications/Xcode.app/Contents/Developer/Toolchains/XcodeDefault.xctoolchain/usr/lib/swift/pm/4 -target x86_64-apple-macosx10.10 -sdk /Applications/Xcode.app/Contents/Developer/Platforms/MacOSX.platform/Developer/SDKs/MacOSX10.13.sdk";
				SWIFT_VERSION = 4.0;
			};
			name = Release;
		};
		OBJ_150 /* Debug */ = {
			isa = XCBuildConfiguration;
			buildSettings = {
				LD = /usr/bin/true;
				OTHER_SWIFT_FLAGS = "-swift-version 4 -I /Applications/Xcode.app/Contents/Developer/Toolchains/XcodeDefault.xctoolchain/usr/lib/swift/pm/4 -target x86_64-apple-macosx10.10 -sdk /Applications/Xcode.app/Contents/Developer/Platforms/MacOSX.platform/Developer/SDKs/MacOSX10.13.sdk";
				SWIFT_VERSION = 4.0;
			};
			name = Debug;
		};
		OBJ_151 /* Release */ = {
			isa = XCBuildConfiguration;
			buildSettings = {
				LD = /usr/bin/true;
				OTHER_SWIFT_FLAGS = "-swift-version 4 -I /Applications/Xcode.app/Contents/Developer/Toolchains/XcodeDefault.xctoolchain/usr/lib/swift/pm/4 -target x86_64-apple-macosx10.10 -sdk /Applications/Xcode.app/Contents/Developer/Platforms/MacOSX.platform/Developer/SDKs/MacOSX10.13.sdk";
				SWIFT_VERSION = 4.0;
			};
			name = Release;
		};
		OBJ_156 /* Debug */ = {
			isa = XCBuildConfiguration;
			buildSettings = {
				LD = /usr/bin/true;
				OTHER_SWIFT_FLAGS = "-swift-version 4 -I /Applications/Xcode.app/Contents/Developer/Toolchains/XcodeDefault.xctoolchain/usr/lib/swift/pm/4 -target x86_64-apple-macosx10.10 -sdk /Applications/Xcode.app/Contents/Developer/Platforms/MacOSX.platform/Developer/SDKs/MacOSX10.13.sdk";
				SWIFT_VERSION = 4.0;
			};
			name = Debug;
		};
		OBJ_157 /* Release */ = {
			isa = XCBuildConfiguration;
			buildSettings = {
				LD = /usr/bin/true;
				OTHER_SWIFT_FLAGS = "-swift-version 4 -I /Applications/Xcode.app/Contents/Developer/Toolchains/XcodeDefault.xctoolchain/usr/lib/swift/pm/4 -target x86_64-apple-macosx10.10 -sdk /Applications/Xcode.app/Contents/Developer/Platforms/MacOSX.platform/Developer/SDKs/MacOSX10.13.sdk";
				SWIFT_VERSION = 4.0;
			};
			name = Release;
		};
		OBJ_162 /* Debug */ = {
			isa = XCBuildConfiguration;
			buildSettings = {
				ALWAYS_EMBED_SWIFT_STANDARD_LIBRARIES = YES;
				FRAMEWORK_SEARCH_PATHS = (
					"$(inherited)",
					"$(PLATFORM_DIR)/Developer/Library/Frameworks",
				);
				HEADER_SEARCH_PATHS = (
					"$(inherited)",
					"$(SRCROOT)/.build/checkouts/Kitura-net.git--7410958935072501107/Sources/CHTTPParser/include",
					"$(SRCROOT)/.build/checkouts/CCurl.git-8026296523752779197",
					"$(SRCROOT)/SwiftyCouchDB.xcodeproj/GeneratedModuleMap/CHTTPParser",
				);
				INFOPLIST_FILE = SwiftyCouchDB.xcodeproj/SwiftyCouchDBTests_Info.plist;
				LD_RUNPATH_SEARCH_PATHS = "@loader_path/../Frameworks @loader_path/Frameworks";
				OTHER_LDFLAGS = "$(inherited)";
				OTHER_SWIFT_FLAGS = "$(inherited) -Xcc -fmodule-map-file=$(SRCROOT)/SwiftyCouchDB.xcodeproj/GeneratedModuleMap/CHTTPParser/module.modulemap";
				SWIFT_VERSION = 4.0;
				TARGET_NAME = SwiftyCouchDBTests;
			};
			name = Debug;
		};
		OBJ_163 /* Release */ = {
			isa = XCBuildConfiguration;
			buildSettings = {
				ALWAYS_EMBED_SWIFT_STANDARD_LIBRARIES = YES;
				FRAMEWORK_SEARCH_PATHS = (
					"$(inherited)",
					"$(PLATFORM_DIR)/Developer/Library/Frameworks",
				);
				HEADER_SEARCH_PATHS = (
					"$(inherited)",
					"$(SRCROOT)/.build/checkouts/Kitura-net.git--7410958935072501107/Sources/CHTTPParser/include",
					"$(SRCROOT)/.build/checkouts/CCurl.git-8026296523752779197",
					"$(SRCROOT)/SwiftyCouchDB.xcodeproj/GeneratedModuleMap/CHTTPParser",
				);
				INFOPLIST_FILE = SwiftyCouchDB.xcodeproj/SwiftyCouchDBTests_Info.plist;
				LD_RUNPATH_SEARCH_PATHS = "@loader_path/../Frameworks @loader_path/Frameworks";
				OTHER_LDFLAGS = "$(inherited)";
				OTHER_SWIFT_FLAGS = "$(inherited) -Xcc -fmodule-map-file=$(SRCROOT)/SwiftyCouchDB.xcodeproj/GeneratedModuleMap/CHTTPParser/module.modulemap";
				SWIFT_VERSION = 4.0;
				TARGET_NAME = SwiftyCouchDBTests;
			};
			name = Release;
		};
		OBJ_196 /* Debug */ = {
			isa = XCBuildConfiguration;
			buildSettings = {
				ENABLE_TESTABILITY = YES;
				FRAMEWORK_SEARCH_PATHS = (
					"$(inherited)",
					"$(PLATFORM_DIR)/Developer/Library/Frameworks",
				);
				HEADER_SEARCH_PATHS = (
					"$(inherited)",
					"$(SRCROOT)/.build/checkouts/Kitura-net.git--7410958935072501107/Sources/CHTTPParser/include",
					"$(SRCROOT)/.build/checkouts/CCurl.git-8026296523752779197",
					"$(SRCROOT)/SwiftyCouchDB.xcodeproj/GeneratedModuleMap/CHTTPParser",
				);
				INFOPLIST_FILE = SwiftyCouchDB.xcodeproj/SwiftyCouchDB_Info.plist;
				LD_RUNPATH_SEARCH_PATHS = "$(TOOLCHAIN_DIR)/usr/lib/swift/macosx";
				OTHER_LDFLAGS = "$(inherited)";
				OTHER_SWIFT_FLAGS = "$(inherited) -Xcc -fmodule-map-file=$(SRCROOT)/SwiftyCouchDB.xcodeproj/GeneratedModuleMap/CHTTPParser/module.modulemap";
				PRODUCT_BUNDLE_IDENTIFIER = SwiftyCouchDB;
				PRODUCT_MODULE_NAME = "$(TARGET_NAME:c99extidentifier)";
				PRODUCT_NAME = "$(TARGET_NAME:c99extidentifier)";
				SKIP_INSTALL = YES;
				SWIFT_VERSION = 4.0;
				TARGET_NAME = SwiftyCouchDB;
			};
			name = Debug;
		};
		OBJ_197 /* Release */ = {
			isa = XCBuildConfiguration;
			buildSettings = {
				ENABLE_TESTABILITY = YES;
				FRAMEWORK_SEARCH_PATHS = (
					"$(inherited)",
					"$(PLATFORM_DIR)/Developer/Library/Frameworks",
				);
				HEADER_SEARCH_PATHS = (
					"$(inherited)",
					"$(SRCROOT)/.build/checkouts/Kitura-net.git--7410958935072501107/Sources/CHTTPParser/include",
					"$(SRCROOT)/.build/checkouts/CCurl.git-8026296523752779197",
					"$(SRCROOT)/SwiftyCouchDB.xcodeproj/GeneratedModuleMap/CHTTPParser",
				);
				INFOPLIST_FILE = SwiftyCouchDB.xcodeproj/SwiftyCouchDB_Info.plist;
				LD_RUNPATH_SEARCH_PATHS = "$(TOOLCHAIN_DIR)/usr/lib/swift/macosx";
				OTHER_LDFLAGS = "$(inherited)";
				OTHER_SWIFT_FLAGS = "$(inherited) -Xcc -fmodule-map-file=$(SRCROOT)/SwiftyCouchDB.xcodeproj/GeneratedModuleMap/CHTTPParser/module.modulemap";
				PRODUCT_BUNDLE_IDENTIFIER = SwiftyCouchDB;
				PRODUCT_MODULE_NAME = "$(TARGET_NAME:c99extidentifier)";
				PRODUCT_NAME = "$(TARGET_NAME:c99extidentifier)";
				SKIP_INSTALL = YES;
				SWIFT_VERSION = 4.0;
				TARGET_NAME = SwiftyCouchDB;
			};
			name = Release;
		};
		OBJ_230 /* Debug */ = {
			isa = XCBuildConfiguration;
			buildSettings = {
				ENABLE_TESTABILITY = YES;
				FRAMEWORK_SEARCH_PATHS = (
					"$(inherited)",
					"$(PLATFORM_DIR)/Developer/Library/Frameworks",
				);
				HEADER_SEARCH_PATHS = "$(inherited)";
				INFOPLIST_FILE = SwiftyCouchDB.xcodeproj/SwiftyJSON_Info.plist;
				LD_RUNPATH_SEARCH_PATHS = "$(TOOLCHAIN_DIR)/usr/lib/swift/macosx";
				OTHER_LDFLAGS = "$(inherited)";
				OTHER_SWIFT_FLAGS = "$(inherited)";
				PRODUCT_BUNDLE_IDENTIFIER = SwiftyJSON;
				PRODUCT_MODULE_NAME = "$(TARGET_NAME:c99extidentifier)";
				PRODUCT_NAME = "$(TARGET_NAME:c99extidentifier)";
				SKIP_INSTALL = YES;
				SWIFT_VERSION = 4.0;
				TARGET_NAME = SwiftyJSON;
			};
			name = Debug;
		};
		OBJ_231 /* Release */ = {
			isa = XCBuildConfiguration;
			buildSettings = {
				ENABLE_TESTABILITY = YES;
				FRAMEWORK_SEARCH_PATHS = (
					"$(inherited)",
					"$(PLATFORM_DIR)/Developer/Library/Frameworks",
				);
				HEADER_SEARCH_PATHS = "$(inherited)";
				INFOPLIST_FILE = SwiftyCouchDB.xcodeproj/SwiftyJSON_Info.plist;
				LD_RUNPATH_SEARCH_PATHS = "$(TOOLCHAIN_DIR)/usr/lib/swift/macosx";
				OTHER_LDFLAGS = "$(inherited)";
				OTHER_SWIFT_FLAGS = "$(inherited)";
				PRODUCT_BUNDLE_IDENTIFIER = SwiftyJSON;
				PRODUCT_MODULE_NAME = "$(TARGET_NAME:c99extidentifier)";
				PRODUCT_NAME = "$(TARGET_NAME:c99extidentifier)";
				SKIP_INSTALL = YES;
				SWIFT_VERSION = 4.0;
				TARGET_NAME = SwiftyJSON;
			};
			name = Release;
		};
		OBJ_237 /* Debug */ = {
			isa = XCBuildConfiguration;
			buildSettings = {
				ENABLE_TESTABILITY = YES;
				FRAMEWORK_SEARCH_PATHS = (
					"$(inherited)",
					"$(PLATFORM_DIR)/Developer/Library/Frameworks",
				);
				HEADER_SEARCH_PATHS = (
					"$(inherited)",
					"$(SRCROOT)/.build/checkouts/Kitura-net.git--7410958935072501107/Sources/CHTTPParser/include",
					"$(SRCROOT)/.build/checkouts/CCurl.git-8026296523752779197",
					"$(SRCROOT)/SwiftyCouchDB.xcodeproj/GeneratedModuleMap/CHTTPParser",
				);
				INFOPLIST_FILE = SwiftyCouchDB.xcodeproj/KituraNet_Info.plist;
				LD_RUNPATH_SEARCH_PATHS = "$(TOOLCHAIN_DIR)/usr/lib/swift/macosx";
				OTHER_LDFLAGS = "$(inherited)";
				OTHER_SWIFT_FLAGS = "$(inherited) -Xcc -fmodule-map-file=$(SRCROOT)/SwiftyCouchDB.xcodeproj/GeneratedModuleMap/CHTTPParser/module.modulemap";
				PRODUCT_BUNDLE_IDENTIFIER = KituraNet;
				PRODUCT_MODULE_NAME = "$(TARGET_NAME:c99extidentifier)";
				PRODUCT_NAME = "$(TARGET_NAME:c99extidentifier)";
				SKIP_INSTALL = YES;
				SWIFT_VERSION = 4.0;
				TARGET_NAME = KituraNet;
			};
			name = Debug;
		};
		OBJ_238 /* Release */ = {
			isa = XCBuildConfiguration;
			buildSettings = {
				ENABLE_TESTABILITY = YES;
				FRAMEWORK_SEARCH_PATHS = (
					"$(inherited)",
					"$(PLATFORM_DIR)/Developer/Library/Frameworks",
				);
				HEADER_SEARCH_PATHS = (
					"$(inherited)",
					"$(SRCROOT)/.build/checkouts/Kitura-net.git--7410958935072501107/Sources/CHTTPParser/include",
					"$(SRCROOT)/.build/checkouts/CCurl.git-8026296523752779197",
					"$(SRCROOT)/SwiftyCouchDB.xcodeproj/GeneratedModuleMap/CHTTPParser",
				);
				INFOPLIST_FILE = SwiftyCouchDB.xcodeproj/KituraNet_Info.plist;
				LD_RUNPATH_SEARCH_PATHS = "$(TOOLCHAIN_DIR)/usr/lib/swift/macosx";
				OTHER_LDFLAGS = "$(inherited)";
				OTHER_SWIFT_FLAGS = "$(inherited) -Xcc -fmodule-map-file=$(SRCROOT)/SwiftyCouchDB.xcodeproj/GeneratedModuleMap/CHTTPParser/module.modulemap";
				PRODUCT_BUNDLE_IDENTIFIER = KituraNet;
				PRODUCT_MODULE_NAME = "$(TARGET_NAME:c99extidentifier)";
				PRODUCT_NAME = "$(TARGET_NAME:c99extidentifier)";
				SKIP_INSTALL = YES;
				SWIFT_VERSION = 4.0;
				TARGET_NAME = KituraNet;
			};
			name = Release;
		};
		OBJ_286 /* Debug */ = {
			isa = XCBuildConfiguration;
			buildSettings = {
				ENABLE_TESTABILITY = YES;
				FRAMEWORK_SEARCH_PATHS = (
					"$(inherited)",
					"$(PLATFORM_DIR)/Developer/Library/Frameworks",
				);
				HEADER_SEARCH_PATHS = "$(inherited)";
				INFOPLIST_FILE = SwiftyCouchDB.xcodeproj/SSLService_Info.plist;
				LD_RUNPATH_SEARCH_PATHS = "$(TOOLCHAIN_DIR)/usr/lib/swift/macosx";
				OTHER_LDFLAGS = "$(inherited)";
				OTHER_SWIFT_FLAGS = "$(inherited)";
				PRODUCT_BUNDLE_IDENTIFIER = SSLService;
				PRODUCT_MODULE_NAME = "$(TARGET_NAME:c99extidentifier)";
				PRODUCT_NAME = "$(TARGET_NAME:c99extidentifier)";
				SKIP_INSTALL = YES;
				SWIFT_VERSION = 4.0;
				TARGET_NAME = SSLService;
			};
			name = Debug;
		};
		OBJ_287 /* Release */ = {
			isa = XCBuildConfiguration;
			buildSettings = {
				ENABLE_TESTABILITY = YES;
				FRAMEWORK_SEARCH_PATHS = (
					"$(inherited)",
					"$(PLATFORM_DIR)/Developer/Library/Frameworks",
				);
				HEADER_SEARCH_PATHS = "$(inherited)";
				INFOPLIST_FILE = SwiftyCouchDB.xcodeproj/SSLService_Info.plist;
				LD_RUNPATH_SEARCH_PATHS = "$(TOOLCHAIN_DIR)/usr/lib/swift/macosx";
				OTHER_LDFLAGS = "$(inherited)";
				OTHER_SWIFT_FLAGS = "$(inherited)";
				PRODUCT_BUNDLE_IDENTIFIER = SSLService;
				PRODUCT_MODULE_NAME = "$(TARGET_NAME:c99extidentifier)";
				PRODUCT_NAME = "$(TARGET_NAME:c99extidentifier)";
				SKIP_INSTALL = YES;
				SWIFT_VERSION = 4.0;
				TARGET_NAME = SSLService;
			};
			name = Release;
		};
		OBJ_294 /* Debug */ = {
			isa = XCBuildConfiguration;
			buildSettings = {
				ENABLE_TESTABILITY = YES;
				FRAMEWORK_SEARCH_PATHS = (
					"$(inherited)",
					"$(PLATFORM_DIR)/Developer/Library/Frameworks",
				);
				HEADER_SEARCH_PATHS = "$(inherited)";
				INFOPLIST_FILE = SwiftyCouchDB.xcodeproj/Socket_Info.plist;
				LD_RUNPATH_SEARCH_PATHS = "$(TOOLCHAIN_DIR)/usr/lib/swift/macosx";
				OTHER_LDFLAGS = "$(inherited)";
				OTHER_SWIFT_FLAGS = "$(inherited)";
				PRODUCT_BUNDLE_IDENTIFIER = Socket;
				PRODUCT_MODULE_NAME = "$(TARGET_NAME:c99extidentifier)";
				PRODUCT_NAME = "$(TARGET_NAME:c99extidentifier)";
				SKIP_INSTALL = YES;
				SWIFT_VERSION = 4.0;
				TARGET_NAME = Socket;
			};
			name = Debug;
		};
		OBJ_295 /* Release */ = {
			isa = XCBuildConfiguration;
			buildSettings = {
				ENABLE_TESTABILITY = YES;
				FRAMEWORK_SEARCH_PATHS = (
					"$(inherited)",
					"$(PLATFORM_DIR)/Developer/Library/Frameworks",
				);
				HEADER_SEARCH_PATHS = "$(inherited)";
				INFOPLIST_FILE = SwiftyCouchDB.xcodeproj/Socket_Info.plist;
				LD_RUNPATH_SEARCH_PATHS = "$(TOOLCHAIN_DIR)/usr/lib/swift/macosx";
				OTHER_LDFLAGS = "$(inherited)";
				OTHER_SWIFT_FLAGS = "$(inherited)";
				PRODUCT_BUNDLE_IDENTIFIER = Socket;
				PRODUCT_MODULE_NAME = "$(TARGET_NAME:c99extidentifier)";
				PRODUCT_NAME = "$(TARGET_NAME:c99extidentifier)";
				SKIP_INSTALL = YES;
				SWIFT_VERSION = 4.0;
				TARGET_NAME = Socket;
			};
			name = Release;
		};
		OBJ_3 /* Debug */ = {
			isa = XCBuildConfiguration;
			buildSettings = {
				CLANG_ENABLE_OBJC_ARC = YES;
				CLANG_WARN_BLOCK_CAPTURE_AUTORELEASING = YES;
				CLANG_WARN_BOOL_CONVERSION = YES;
				CLANG_WARN_COMMA = YES;
				CLANG_WARN_CONSTANT_CONVERSION = YES;
				CLANG_WARN_EMPTY_BODY = YES;
				CLANG_WARN_ENUM_CONVERSION = YES;
				CLANG_WARN_INFINITE_RECURSION = YES;
				CLANG_WARN_INT_CONVERSION = YES;
				CLANG_WARN_NON_LITERAL_NULL_CONVERSION = YES;
				CLANG_WARN_OBJC_LITERAL_CONVERSION = YES;
				CLANG_WARN_RANGE_LOOP_ANALYSIS = YES;
				CLANG_WARN_STRICT_PROTOTYPES = YES;
				CLANG_WARN_SUSPICIOUS_MOVE = YES;
				CLANG_WARN_UNREACHABLE_CODE = YES;
				CLANG_WARN__DUPLICATE_METHOD_MATCH = YES;
				COMBINE_HIDPI_IMAGES = YES;
				COPY_PHASE_STRIP = NO;
				DEBUG_INFORMATION_FORMAT = dwarf;
				DYLIB_INSTALL_NAME_BASE = "@rpath";
				ENABLE_NS_ASSERTIONS = YES;
				ENABLE_STRICT_OBJC_MSGSEND = YES;
				ENABLE_TESTABILITY = YES;
				GCC_NO_COMMON_BLOCKS = YES;
				GCC_OPTIMIZATION_LEVEL = 0;
				GCC_WARN_64_TO_32_BIT_CONVERSION = YES;
				GCC_WARN_ABOUT_RETURN_TYPE = YES;
				GCC_WARN_UNDECLARED_SELECTOR = YES;
				GCC_WARN_UNINITIALIZED_AUTOS = YES;
				GCC_WARN_UNUSED_FUNCTION = YES;
				GCC_WARN_UNUSED_VARIABLE = YES;
				MACOSX_DEPLOYMENT_TARGET = 10.10;
				ONLY_ACTIVE_ARCH = YES;
				OTHER_SWIFT_FLAGS = "-DXcode";
				PRODUCT_NAME = "$(TARGET_NAME)";
				SDKROOT = macosx;
				SUPPORTED_PLATFORMS = "macosx iphoneos iphonesimulator appletvos appletvsimulator watchos watchsimulator";
				SWIFT_ACTIVE_COMPILATION_CONDITIONS = SWIFT_PACKAGE;
				SWIFT_OPTIMIZATION_LEVEL = "-Onone";
				USE_HEADERMAP = NO;
			};
			name = Debug;
		};
		OBJ_302 /* Debug */ = {
			isa = XCBuildConfiguration;
			buildSettings = {
				DEFINES_MODULE = NO;
				ENABLE_TESTABILITY = YES;
				FRAMEWORK_SEARCH_PATHS = (
					"$(inherited)",
					"$(PLATFORM_DIR)/Developer/Library/Frameworks",
				);
				HEADER_SEARCH_PATHS = (
					"$(inherited)",
					"$(SRCROOT)/.build/checkouts/Kitura-net.git--7410958935072501107/Sources/CHTTPParser/include",
					"$(SRCROOT)/.build/checkouts/CCurl.git-8026296523752779197",
				);
				INFOPLIST_FILE = SwiftyCouchDB.xcodeproj/CHTTPParser_Info.plist;
				LD_RUNPATH_SEARCH_PATHS = "$(TOOLCHAIN_DIR)/usr/lib/swift/macosx";
				OTHER_LDFLAGS = "$(inherited)";
				OTHER_SWIFT_FLAGS = "$(inherited)";
				PRODUCT_BUNDLE_IDENTIFIER = CHTTPParser;
				PRODUCT_MODULE_NAME = "$(TARGET_NAME:c99extidentifier)";
				PRODUCT_NAME = "$(TARGET_NAME:c99extidentifier)";
				SKIP_INSTALL = YES;
				TARGET_NAME = CHTTPParser;
			};
			name = Debug;
		};
		OBJ_303 /* Release */ = {
			isa = XCBuildConfiguration;
			buildSettings = {
				DEFINES_MODULE = NO;
				ENABLE_TESTABILITY = YES;
				FRAMEWORK_SEARCH_PATHS = (
					"$(inherited)",
					"$(PLATFORM_DIR)/Developer/Library/Frameworks",
				);
				HEADER_SEARCH_PATHS = (
					"$(inherited)",
					"$(SRCROOT)/.build/checkouts/Kitura-net.git--7410958935072501107/Sources/CHTTPParser/include",
					"$(SRCROOT)/.build/checkouts/CCurl.git-8026296523752779197",
				);
				INFOPLIST_FILE = SwiftyCouchDB.xcodeproj/CHTTPParser_Info.plist;
				LD_RUNPATH_SEARCH_PATHS = "$(TOOLCHAIN_DIR)/usr/lib/swift/macosx";
				OTHER_LDFLAGS = "$(inherited)";
				OTHER_SWIFT_FLAGS = "$(inherited)";
				PRODUCT_BUNDLE_IDENTIFIER = CHTTPParser;
				PRODUCT_MODULE_NAME = "$(TARGET_NAME:c99extidentifier)";
				PRODUCT_NAME = "$(TARGET_NAME:c99extidentifier)";
				SKIP_INSTALL = YES;
				TARGET_NAME = CHTTPParser;
			};
			name = Release;
		};
		OBJ_309 /* Debug */ = {
			isa = XCBuildConfiguration;
			buildSettings = {
				ENABLE_TESTABILITY = YES;
				FRAMEWORK_SEARCH_PATHS = (
					"$(inherited)",
					"$(PLATFORM_DIR)/Developer/Library/Frameworks",
				);
				HEADER_SEARCH_PATHS = "$(inherited)";
				INFOPLIST_FILE = SwiftyCouchDB.xcodeproj/HeliumLogger_Info.plist;
				LD_RUNPATH_SEARCH_PATHS = "$(TOOLCHAIN_DIR)/usr/lib/swift/macosx";
				OTHER_LDFLAGS = "$(inherited)";
				OTHER_SWIFT_FLAGS = "$(inherited)";
				PRODUCT_BUNDLE_IDENTIFIER = HeliumLogger;
				PRODUCT_MODULE_NAME = "$(TARGET_NAME:c99extidentifier)";
				PRODUCT_NAME = "$(TARGET_NAME:c99extidentifier)";
				SKIP_INSTALL = YES;
				SWIFT_VERSION = 4.0;
				TARGET_NAME = HeliumLogger;
			};
			name = Debug;
		};
		OBJ_310 /* Release */ = {
			isa = XCBuildConfiguration;
			buildSettings = {
				ENABLE_TESTABILITY = YES;
				FRAMEWORK_SEARCH_PATHS = (
					"$(inherited)",
					"$(PLATFORM_DIR)/Developer/Library/Frameworks",
				);
				HEADER_SEARCH_PATHS = "$(inherited)";
				INFOPLIST_FILE = SwiftyCouchDB.xcodeproj/HeliumLogger_Info.plist;
				LD_RUNPATH_SEARCH_PATHS = "$(TOOLCHAIN_DIR)/usr/lib/swift/macosx";
				OTHER_LDFLAGS = "$(inherited)";
				OTHER_SWIFT_FLAGS = "$(inherited)";
				PRODUCT_BUNDLE_IDENTIFIER = HeliumLogger;
				PRODUCT_MODULE_NAME = "$(TARGET_NAME:c99extidentifier)";
				PRODUCT_NAME = "$(TARGET_NAME:c99extidentifier)";
				SKIP_INSTALL = YES;
				SWIFT_VERSION = 4.0;
				TARGET_NAME = HeliumLogger;
			};
			name = Release;
		};
		OBJ_318 /* Debug */ = {
			isa = XCBuildConfiguration;
			buildSettings = {
				ENABLE_TESTABILITY = YES;
				FRAMEWORK_SEARCH_PATHS = (
					"$(inherited)",
					"$(PLATFORM_DIR)/Developer/Library/Frameworks",
				);
				HEADER_SEARCH_PATHS = "$(inherited)";
				INFOPLIST_FILE = SwiftyCouchDB.xcodeproj/LoggerAPI_Info.plist;
				LD_RUNPATH_SEARCH_PATHS = "$(TOOLCHAIN_DIR)/usr/lib/swift/macosx";
				OTHER_LDFLAGS = "$(inherited)";
				OTHER_SWIFT_FLAGS = "$(inherited)";
				PRODUCT_BUNDLE_IDENTIFIER = LoggerAPI;
				PRODUCT_MODULE_NAME = "$(TARGET_NAME:c99extidentifier)";
				PRODUCT_NAME = "$(TARGET_NAME:c99extidentifier)";
				SKIP_INSTALL = YES;
				SWIFT_VERSION = 4.0;
				TARGET_NAME = LoggerAPI;
			};
			name = Debug;
		};
		OBJ_319 /* Release */ = {
			isa = XCBuildConfiguration;
			buildSettings = {
				ENABLE_TESTABILITY = YES;
				FRAMEWORK_SEARCH_PATHS = (
					"$(inherited)",
					"$(PLATFORM_DIR)/Developer/Library/Frameworks",
				);
				HEADER_SEARCH_PATHS = "$(inherited)";
				INFOPLIST_FILE = SwiftyCouchDB.xcodeproj/LoggerAPI_Info.plist;
				LD_RUNPATH_SEARCH_PATHS = "$(TOOLCHAIN_DIR)/usr/lib/swift/macosx";
				OTHER_LDFLAGS = "$(inherited)";
				OTHER_SWIFT_FLAGS = "$(inherited)";
				PRODUCT_BUNDLE_IDENTIFIER = LoggerAPI;
				PRODUCT_MODULE_NAME = "$(TARGET_NAME:c99extidentifier)";
				PRODUCT_NAME = "$(TARGET_NAME:c99extidentifier)";
				SKIP_INSTALL = YES;
				SWIFT_VERSION = 4.0;
				TARGET_NAME = LoggerAPI;
			};
			name = Release;
		};
		OBJ_325 /* Debug */ = {
			isa = XCBuildConfiguration;
			buildSettings = {
			};
			name = Debug;
		};
		OBJ_326 /* Release */ = {
			isa = XCBuildConfiguration;
			buildSettings = {
			};
			name = Release;
		};
		OBJ_330 /* Debug */ = {
			isa = XCBuildConfiguration;
			buildSettings = {
			};
			name = Debug;
		};
		OBJ_331 /* Release */ = {
			isa = XCBuildConfiguration;
			buildSettings = {
			};
			name = Release;
		};
		OBJ_4 /* Release */ = {
			isa = XCBuildConfiguration;
			buildSettings = {
				CLANG_ENABLE_OBJC_ARC = YES;
				CLANG_WARN_BLOCK_CAPTURE_AUTORELEASING = YES;
				CLANG_WARN_BOOL_CONVERSION = YES;
				CLANG_WARN_COMMA = YES;
				CLANG_WARN_CONSTANT_CONVERSION = YES;
				CLANG_WARN_EMPTY_BODY = YES;
				CLANG_WARN_ENUM_CONVERSION = YES;
				CLANG_WARN_INFINITE_RECURSION = YES;
				CLANG_WARN_INT_CONVERSION = YES;
				CLANG_WARN_NON_LITERAL_NULL_CONVERSION = YES;
				CLANG_WARN_OBJC_LITERAL_CONVERSION = YES;
				CLANG_WARN_RANGE_LOOP_ANALYSIS = YES;
				CLANG_WARN_STRICT_PROTOTYPES = YES;
				CLANG_WARN_SUSPICIOUS_MOVE = YES;
				CLANG_WARN_UNREACHABLE_CODE = YES;
				CLANG_WARN__DUPLICATE_METHOD_MATCH = YES;
				COMBINE_HIDPI_IMAGES = YES;
				COPY_PHASE_STRIP = YES;
				DEBUG_INFORMATION_FORMAT = "dwarf-with-dsym";
				DYLIB_INSTALL_NAME_BASE = "@rpath";
				ENABLE_STRICT_OBJC_MSGSEND = YES;
				GCC_NO_COMMON_BLOCKS = YES;
				GCC_OPTIMIZATION_LEVEL = s;
				GCC_WARN_64_TO_32_BIT_CONVERSION = YES;
				GCC_WARN_ABOUT_RETURN_TYPE = YES;
				GCC_WARN_UNDECLARED_SELECTOR = YES;
				GCC_WARN_UNINITIALIZED_AUTOS = YES;
				GCC_WARN_UNUSED_FUNCTION = YES;
				GCC_WARN_UNUSED_VARIABLE = YES;
				MACOSX_DEPLOYMENT_TARGET = 10.10;
				OTHER_SWIFT_FLAGS = "-DXcode";
				PRODUCT_NAME = "$(TARGET_NAME)";
				SDKROOT = macosx;
				SUPPORTED_PLATFORMS = "macosx iphoneos iphonesimulator appletvos appletvsimulator watchos watchsimulator";
				SWIFT_ACTIVE_COMPILATION_CONDITIONS = SWIFT_PACKAGE;
				SWIFT_OPTIMIZATION_LEVEL = "-Owholemodule";
				USE_HEADERMAP = NO;
			};
			name = Release;
		};
/* End XCBuildConfiguration section */

/* Begin XCConfigurationList section */
		OBJ_119 /* Build configuration list for PBXNativeTarget "SwiftyCouchDBPackageDescription" */ = {
			isa = XCConfigurationList;
			buildConfigurations = (
				OBJ_120 /* Debug */,
				OBJ_121 /* Release */,
			);
			defaultConfigurationIsVisible = 0;
			defaultConfigurationName = Debug;
		};
		OBJ_125 /* Build configuration list for PBXNativeTarget "SwiftyJSONPackageDescription" */ = {
			isa = XCConfigurationList;
			buildConfigurations = (
				OBJ_126 /* Debug */,
				OBJ_127 /* Release */,
			);
			defaultConfigurationIsVisible = 0;
			defaultConfigurationName = Debug;
		};
		OBJ_131 /* Build configuration list for PBXNativeTarget "Kitura-netPackageDescription" */ = {
			isa = XCConfigurationList;
			buildConfigurations = (
				OBJ_132 /* Debug */,
				OBJ_133 /* Release */,
			);
			defaultConfigurationIsVisible = 0;
			defaultConfigurationName = Debug;
		};
		OBJ_137 /* Build configuration list for PBXNativeTarget "SSLServicePackageDescription" */ = {
			isa = XCConfigurationList;
			buildConfigurations = (
				OBJ_138 /* Debug */,
				OBJ_139 /* Release */,
			);
			defaultConfigurationIsVisible = 0;
			defaultConfigurationName = Debug;
		};
		OBJ_143 /* Build configuration list for PBXNativeTarget "SocketPackageDescription" */ = {
			isa = XCConfigurationList;
			buildConfigurations = (
				OBJ_144 /* Debug */,
				OBJ_145 /* Release */,
			);
			defaultConfigurationIsVisible = 0;
			defaultConfigurationName = Debug;
		};
		OBJ_149 /* Build configuration list for PBXNativeTarget "HeliumLoggerPackageDescription" */ = {
			isa = XCConfigurationList;
			buildConfigurations = (
				OBJ_150 /* Debug */,
				OBJ_151 /* Release */,
			);
			defaultConfigurationIsVisible = 0;
			defaultConfigurationName = Debug;
		};
		OBJ_155 /* Build configuration list for PBXNativeTarget "LoggerAPIPackageDescription" */ = {
			isa = XCConfigurationList;
			buildConfigurations = (
				OBJ_156 /* Debug */,
				OBJ_157 /* Release */,
			);
			defaultConfigurationIsVisible = 0;
			defaultConfigurationName = Debug;
		};
		OBJ_161 /* Build configuration list for PBXNativeTarget "SwiftyCouchDBTests" */ = {
			isa = XCConfigurationList;
			buildConfigurations = (
				OBJ_162 /* Debug */,
				OBJ_163 /* Release */,
			);
			defaultConfigurationIsVisible = 0;
			defaultConfigurationName = Debug;
		};
		OBJ_195 /* Build configuration list for PBXNativeTarget "SwiftyCouchDB" */ = {
			isa = XCConfigurationList;
			buildConfigurations = (
				OBJ_196 /* Debug */,
				OBJ_197 /* Release */,
			);
			defaultConfigurationIsVisible = 0;
			defaultConfigurationName = Debug;
		};
		OBJ_2 /* Build configuration list for PBXProject "SwiftyCouchDB" */ = {
			isa = XCConfigurationList;
			buildConfigurations = (
				OBJ_3 /* Debug */,
				OBJ_4 /* Release */,
			);
			defaultConfigurationIsVisible = 0;
			defaultConfigurationName = Debug;
		};
		OBJ_229 /* Build configuration list for PBXNativeTarget "SwiftyJSON" */ = {
			isa = XCConfigurationList;
			buildConfigurations = (
				OBJ_230 /* Debug */,
				OBJ_231 /* Release */,
			);
			defaultConfigurationIsVisible = 0;
			defaultConfigurationName = Debug;
		};
		OBJ_236 /* Build configuration list for PBXNativeTarget "KituraNet" */ = {
			isa = XCConfigurationList;
			buildConfigurations = (
				OBJ_237 /* Debug */,
				OBJ_238 /* Release */,
			);
			defaultConfigurationIsVisible = 0;
			defaultConfigurationName = Debug;
		};
		OBJ_285 /* Build configuration list for PBXNativeTarget "SSLService" */ = {
			isa = XCConfigurationList;
			buildConfigurations = (
				OBJ_286 /* Debug */,
				OBJ_287 /* Release */,
			);
			defaultConfigurationIsVisible = 0;
			defaultConfigurationName = Debug;
		};
		OBJ_293 /* Build configuration list for PBXNativeTarget "Socket" */ = {
			isa = XCConfigurationList;
			buildConfigurations = (
				OBJ_294 /* Debug */,
				OBJ_295 /* Release */,
			);
			defaultConfigurationIsVisible = 0;
			defaultConfigurationName = Debug;
		};
		OBJ_301 /* Build configuration list for PBXNativeTarget "CHTTPParser" */ = {
			isa = XCConfigurationList;
			buildConfigurations = (
				OBJ_302 /* Debug */,
				OBJ_303 /* Release */,
			);
			defaultConfigurationIsVisible = 0;
			defaultConfigurationName = Debug;
		};
		OBJ_308 /* Build configuration list for PBXNativeTarget "HeliumLogger" */ = {
			isa = XCConfigurationList;
			buildConfigurations = (
				OBJ_309 /* Debug */,
				OBJ_310 /* Release */,
			);
			defaultConfigurationIsVisible = 0;
			defaultConfigurationName = Debug;
		};
		OBJ_317 /* Build configuration list for PBXNativeTarget "LoggerAPI" */ = {
			isa = XCConfigurationList;
			buildConfigurations = (
				OBJ_318 /* Debug */,
				OBJ_319 /* Release */,
			);
			defaultConfigurationIsVisible = 0;
			defaultConfigurationName = Debug;
		};
		OBJ_324 /* Build configuration list for PBXAggregateTarget "SwiftyCouchDBPackageTests" */ = {
			isa = XCConfigurationList;
			buildConfigurations = (
				OBJ_325 /* Debug */,
				OBJ_326 /* Release */,
			);
			defaultConfigurationIsVisible = 0;
			defaultConfigurationName = Debug;
		};
		OBJ_329 /* Build configuration list for PBXAggregateTarget "CCurl" */ = {
			isa = XCConfigurationList;
			buildConfigurations = (
				OBJ_330 /* Debug */,
				OBJ_331 /* Release */,
			);
			defaultConfigurationIsVisible = 0;
			defaultConfigurationName = Debug;
		};
/* End XCConfigurationList section */
	};
	rootObject = OBJ_1 /* Project object */;
}
